// !$*UTF8*$!
{
	archiveVersion = 1;
	classes = {
	};
	objectVersion = 56;
	objects = {

/* Begin PBXBuildFile section */
		000000000000000000000009 /* GeminiClient.swift in Sources */ = {isa = PBXBuildFile; fileRef = 000000000000000000000008 /* GeminiClient.swift */; };
		00000000000000000000000B /* GeminiModels.swift in Sources */ = {isa = PBXBuildFile; fileRef = 00000000000000000000000A /* GeminiModels.swift */; };
		00000000000000000000000D /* AgentMessage.swift in Sources */ = {isa = PBXBuildFile; fileRef = 00000000000000000000000C /* AgentMessage.swift */; };
		00000000000000000000000F /* AgentOrchestrator.swift in Sources */ = {isa = PBXBuildFile; fileRef = 00000000000000000000000E /* AgentOrchestrator.swift */; };
		000000000000000000000011 /* AgentState.swift in Sources */ = {isa = PBXBuildFile; fileRef = 000000000000000000000010 /* AgentState.swift */; };
		000000000000000000000013 /* ConversationWindow.swift in Sources */ = {isa = PBXBuildFile; fileRef = 000000000000000000000012 /* ConversationWindow.swift */; };
		000000000000000000000015 /* MemoryStore.swift in Sources */ = {isa = PBXBuildFile; fileRef = 000000000000000000000014 /* MemoryStore.swift */; };
		000000000000000000000017 /* MessageRouter.swift in Sources */ = {isa = PBXBuildFile; fileRef = 000000000000000000000016 /* MessageRouter.swift */; };
		000000000000000000000019 /* ModelClassifier.swift in Sources */ = {isa = PBXBuildFile; fileRef = 000000000000000000000018 /* ModelClassifier.swift */; };
		00000000000000000000001B /* TaskClassifier.swift in Sources */ = {isa = PBXBuildFile; fileRef = 00000000000000000000001A /* TaskClassifier.swift */; };
		00000000000000000000001D /* RoutingDecision.swift in Sources */ = {isa = PBXBuildFile; fileRef = 00000000000000000000001C /* RoutingDecision.swift */; };
		00000000000000000000001F /* PlanModels.swift in Sources */ = {isa = PBXBuildFile; fileRef = 00000000000000000000001E /* PlanModels.swift */; };
		000000000000000000000021 /* Planner.swift in Sources */ = {isa = PBXBuildFile; fileRef = 000000000000000000000020 /* Planner.swift */; };
		000000000000000000000023 /* Critic.swift in Sources */ = {isa = PBXBuildFile; fileRef = 000000000000000000000022 /* Critic.swift */; };
		000000000000000000000025 /* PlanGate.swift in Sources */ = {isa = PBXBuildFile; fileRef = 000000000000000000000024 /* PlanGate.swift */; };
		000000000000000000000027 /* PlanPipeline.swift in Sources */ = {isa = PBXBuildFile; fileRef = 000000000000000000000026 /* PlanPipeline.swift */; };
		000000000000000000000029 /* PrivacyLedger.swift in Sources */ = {isa = PBXBuildFile; fileRef = 000000000000000000000028 /* PrivacyLedger.swift */; };
		00000000000000000000002B /* AskGemmaIntent.swift in Sources */ = {isa = PBXBuildFile; fileRef = 00000000000000000000002A /* AskGemmaIntent.swift */; };
		00000000000000000000002D /* ContentView.swift in Sources */ = {isa = PBXBuildFile; fileRef = 00000000000000000000002C /* ContentView.swift */; };
		00000000000000000000002F /* GemmaAgentApp.swift in Sources */ = {isa = PBXBuildFile; fileRef = 00000000000000000000002E /* GemmaAgentApp.swift */; };
		000000000000000000000031 /* GemmaModel.swift in Sources */ = {isa = PBXBuildFile; fileRef = 000000000000000000000030 /* GemmaModel.swift */; };
		000000000000000000000033 /* GemmaTokenizer.swift in Sources */ = {isa = PBXBuildFile; fileRef = 000000000000000000000032 /* GemmaTokenizer.swift */; };
		000000000000000000000035 /* LiteRTGemmaModel.swift in Sources */ = {isa = PBXBuildFile; fileRef = 000000000000000000000034 /* LiteRTGemmaModel.swift */; };
		000000000000000000000037 /* FoundationModelBackend.swift in Sources */ = {isa = PBXBuildFile; fileRef = 000000000000000000000036 /* FoundationModelBackend.swift */; };
		000000000000000000000039 /* ModelCatalog.swift in Sources */ = {isa = PBXBuildFile; fileRef = 000000000000000000000038 /* ModelCatalog.swift */; };
		00000000000000000000003B /* ModelManager.swift in Sources */ = {isa = PBXBuildFile; fileRef = 00000000000000000000003A /* ModelManager.swift */; };
		00000000000000000000003D /* ModelConfig.swift in Sources */ = {isa = PBXBuildFile; fileRef = 00000000000000000000003C /* ModelConfig.swift */; };
		00000000000000000000003F /* ScriptedModel.swift in Sources */ = {isa = PBXBuildFile; fileRef = 00000000000000000000003E /* ScriptedModel.swift */; };
		000000000000000000000041 /* Tokenizer.swift in Sources */ = {isa = PBXBuildFile; fileRef = 000000000000000000000040 /* Tokenizer.swift */; };
		000000000000000000000043 /* CalculatorTool.swift in Sources */ = {isa = PBXBuildFile; fileRef = 000000000000000000000042 /* CalculatorTool.swift */; };
		000000000000000000000045 /* EscalateToGeminiTool.swift in Sources */ = {isa = PBXBuildFile; fileRef = 000000000000000000000044 /* EscalateToGeminiTool.swift */; };
		000000000000000000000047 /* WebSearchTool.swift in Sources */ = {isa = PBXBuildFile; fileRef = 000000000000000000000046 /* WebSearchTool.swift */; };
		000000000000000000000049 /* DateTimeTool.swift in Sources */ = {isa = PBXBuildFile; fileRef = 000000000000000000000048 /* DateTimeTool.swift */; };
		00000000000000000000004B /* UnitConverterTool.swift in Sources */ = {isa = PBXBuildFile; fileRef = 00000000000000000000004A /* UnitConverterTool.swift */; };
		00000000000000000000004D /* ToolDateParsing.swift in Sources */ = {isa = PBXBuildFile; fileRef = 00000000000000000000004C /* ToolDateParsing.swift */; };
		00000000000000000000004F /* RemindersTool.swift in Sources */ = {isa = PBXBuildFile; fileRef = 00000000000000000000004E /* RemindersTool.swift */; };
		000000000000000000000051 /* CalendarTool.swift in Sources */ = {isa = PBXBuildFile; fileRef = 000000000000000000000050 /* CalendarTool.swift */; };
		000000000000000000000053 /* ContactsTool.swift in Sources */ = {isa = PBXBuildFile; fileRef = 000000000000000000000052 /* ContactsTool.swift */; };
		000000000000000000000055 /* Tool.swift in Sources */ = {isa = PBXBuildFile; fileRef = 000000000000000000000054 /* Tool.swift */; };
		000000000000000000000057 /* ToolRegistry.swift in Sources */ = {isa = PBXBuildFile; fileRef = 000000000000000000000056 /* ToolRegistry.swift */; };
		000000000000000000000059 /* AgentTraceView.swift in Sources */ = {isa = PBXBuildFile; fileRef = 000000000000000000000058 /* AgentTraceView.swift */; };
		00000000000000000000005B /* ChatView.swift in Sources */ = {isa = PBXBuildFile; fileRef = 00000000000000000000005A /* ChatView.swift */; };
		00000000000000000000005D /* MemoryView.swift in Sources */ = {isa = PBXBuildFile; fileRef = 00000000000000000000005C /* MemoryView.swift */; };
		00000000000000000000005F /* MessageBubble.swift in Sources */ = {isa = PBXBuildFile; fileRef = 00000000000000000000005E /* MessageBubble.swift */; };
		000000000000000000000061 /* ModelManagerView.swift in Sources */ = {isa = PBXBuildFile; fileRef = 000000000000000000000060 /* ModelManagerView.swift */; };
		000000000000000000000063 /* PrivacyView.swift in Sources */ = {isa = PBXBuildFile; fileRef = 000000000000000000000062 /* PrivacyView.swift */; };
		000000000000000000000065 /* SettingsView.swift in Sources */ = {isa = PBXBuildFile; fileRef = 000000000000000000000064 /* SettingsView.swift */; };
		000000000000000000000067 /* JSONSchema.swift in Sources */ = {isa = PBXBuildFile; fileRef = 000000000000000000000066 /* JSONSchema.swift */; };
		000000000000000000000069 /* KeychainStore.swift in Sources */ = {isa = PBXBuildFile; fileRef = 000000000000000000000068 /* KeychainStore.swift */; };
		00000000000000000000006B /* StreamParser.swift in Sources */ = {isa = PBXBuildFile; fileRef = 00000000000000000000006A /* StreamParser.swift */; };
		00000000000000000000006D /* ConversationStore.swift in Sources */ = {isa = PBXBuildFile; fileRef = 00000000000000000000006C /* ConversationStore.swift */; };
		00000000000000000000006F /* PIISanitizer.swift in Sources */ = {isa = PBXBuildFile; fileRef = 00000000000000000000006E /* PIISanitizer.swift */; };
		000000000000000000000071 /* SessionContextTracker.swift in Sources */ = {isa = PBXBuildFile; fileRef = 000000000000000000000070 /* SessionContextTracker.swift */; };
		000000000000000000000073 /* SpeechRecognizer.swift in Sources */ = {isa = PBXBuildFile; fileRef = 000000000000000000000072 /* SpeechRecognizer.swift */; };
		000000000000000000000075 /* StreamStopFilter.swift in Sources */ = {isa = PBXBuildFile; fileRef = 000000000000000000000074 /* StreamStopFilter.swift */; };
		000000000000000000000077 /* ConnectorConfig.swift in Sources */ = {isa = PBXBuildFile; fileRef = 000000000000000000000076 /* ConnectorConfig.swift */; };
		000000000000000000000079 /* ConnectorManager.swift in Sources */ = {isa = PBXBuildFile; fileRef = 000000000000000000000078 /* ConnectorManager.swift */; };
		00000000000000000000007B /* MCPToolProxy.swift in Sources */ = {isa = PBXBuildFile; fileRef = 00000000000000000000007A /* MCPToolProxy.swift */; };
		00000000000000000000007D /* MCPConnection.swift in Sources */ = {isa = PBXBuildFile; fileRef = 00000000000000000000007C /* MCPConnection.swift */; };
		00000000000000000000007F /* RESTConnectorTool.swift in Sources */ = {isa = PBXBuildFile; fileRef = 00000000000000000000007E /* RESTConnectorTool.swift */; };
		000000000000000000000081 /* AppLauncherTool.swift in Sources */ = {isa = PBXBuildFile; fileRef = 000000000000000000000080 /* AppLauncherTool.swift */; };
		000000000000000000000083 /* MCPOAuth.swift in Sources */ = {isa = PBXBuildFile; fileRef = 000000000000000000000082 /* MCPOAuth.swift */; };
		000000000000000000000085 /* MCPCatalog.swift in Sources */ = {isa = PBXBuildFile; fileRef = 000000000000000000000084 /* MCPCatalog.swift */; };
		000000000000000000000087 /* MCPRegistryClient.swift in Sources */ = {isa = PBXBuildFile; fileRef = 000000000000000000000086 /* MCPRegistryClient.swift */; };
		000000000000000000000089 /* UCPDiscovery.swift in Sources */ = {isa = PBXBuildFile; fileRef = 000000000000000000000088 /* UCPDiscovery.swift */; };
		00000000000000000000008B /* ConnectorsView.swift in Sources */ = {isa = PBXBuildFile; fileRef = 00000000000000000000008A /* ConnectorsView.swift */; };
		00000000000000000000008D /* WorkflowsView.swift in Sources */ = {isa = PBXBuildFile; fileRef = 00000000000000000000008C /* WorkflowsView.swift */; };
		00000000000000000000008F /* AppGroupStore.swift in Sources */ = {isa = PBXBuildFile; fileRef = 00000000000000000000008E /* AppGroupStore.swift */; };
		000000000000000000000091 /* Workflow.swift in Sources */ = {isa = PBXBuildFile; fileRef = 000000000000000000000090 /* Workflow.swift */; };
		000000000000000000000093 /* WorkflowStore.swift in Sources */ = {isa = PBXBuildFile; fileRef = 000000000000000000000092 /* WorkflowStore.swift */; };
		000000000000000000000095 /* InboxStore.swift in Sources */ = {isa = PBXBuildFile; fileRef = 000000000000000000000094 /* InboxStore.swift */; };
		000000000000000000000097 /* WorkflowEntity.swift in Sources */ = {isa = PBXBuildFile; fileRef = 000000000000000000000096 /* WorkflowEntity.swift */; };
		000000000000000000000099 /* RunWorkflowIntent.swift in Sources */ = {isa = PBXBuildFile; fileRef = 000000000000000000000098 /* RunWorkflowIntent.swift */; };
		00000000000000000000009B /* WorkflowManager.swift in Sources */ = {isa = PBXBuildFile; fileRef = 00000000000000000000009A /* WorkflowManager.swift */; };
		00000000000000000000009D /* CalculatorToolTests.swift in Sources */ = {isa = PBXBuildFile; fileRef = 00000000000000000000009C /* CalculatorToolTests.swift */; };
		00000000000000000000009F /* ResponseParserTests.swift in Sources */ = {isa = PBXBuildFile; fileRef = 00000000000000000000009E /* ResponseParserTests.swift */; };
		0000000000000000000000A1 /* GemmaTokenizerTests.swift in Sources */ = {isa = PBXBuildFile; fileRef = 0000000000000000000000A0 /* GemmaTokenizerTests.swift */; };
		0000000000000000000000A3 /* LiteRTEngineTests.swift in Sources */ = {isa = PBXBuildFile; fileRef = 0000000000000000000000A2 /* LiteRTEngineTests.swift */; };
		0000000000000000000000A5 /* StreamStopFilterTests.swift in Sources */ = {isa = PBXBuildFile; fileRef = 0000000000000000000000A4 /* StreamStopFilterTests.swift */; };
		0000000000000000000000A7 /* AgentOrchestratorTests.swift in Sources */ = {isa = PBXBuildFile; fileRef = 0000000000000000000000A6 /* AgentOrchestratorTests.swift */; };
		0000000000000000000000A9 /* KeychainStoreTests.swift in Sources */ = {isa = PBXBuildFile; fileRef = 0000000000000000000000A8 /* KeychainStoreTests.swift */; };
		0000000000000000000000AB /* MemoryStoreTests.swift in Sources */ = {isa = PBXBuildFile; fileRef = 0000000000000000000000AA /* MemoryStoreTests.swift */; };
		0000000000000000000000AD /* StreamParserTests.swift in Sources */ = {isa = PBXBuildFile; fileRef = 0000000000000000000000AC /* StreamParserTests.swift */; };
		0000000000000000000000AF /* GenerationConfigTests.swift in Sources */ = {isa = PBXBuildFile; fileRef = 0000000000000000000000AE /* GenerationConfigTests.swift */; };
		0000000000000000000000B1 /* MessageRouterTests.swift in Sources */ = {isa = PBXBuildFile; fileRef = 0000000000000000000000B0 /* MessageRouterTests.swift */; };
		0000000000000000000000B3 /* ClassifierEvalTests.swift in Sources */ = {isa = PBXBuildFile; fileRef = 0000000000000000000000B2 /* ClassifierEvalTests.swift */; };
		0000000000000000000000B5 /* ClassifierTests.swift in Sources */ = {isa = PBXBuildFile; fileRef = 0000000000000000000000B4 /* ClassifierTests.swift */; };
		0000000000000000000000B7 /* PIISanitizerTests.swift in Sources */ = {isa = PBXBuildFile; fileRef = 0000000000000000000000B6 /* PIISanitizerTests.swift */; };
		0000000000000000000000B9 /* ConversationWindowTests.swift in Sources */ = {isa = PBXBuildFile; fileRef = 0000000000000000000000B8 /* ConversationWindowTests.swift */; };
		0000000000000000000000BB /* SessionContextTrackerTests.swift in Sources */ = {isa = PBXBuildFile; fileRef = 0000000000000000000000BA /* SessionContextTrackerTests.swift */; };
		0000000000000000000000BD /* ScriptedModelTests.swift in Sources */ = {isa = PBXBuildFile; fileRef = 0000000000000000000000BC /* ScriptedModelTests.swift */; };
		0000000000000000000000BF /* ChatTemplateTests.swift in Sources */ = {isa = PBXBuildFile; fileRef = 0000000000000000000000BE /* ChatTemplateTests.swift */; };
		0000000000000000000000C1 /* JSONValueTests.swift in Sources */ = {isa = PBXBuildFile; fileRef = 0000000000000000000000C0 /* JSONValueTests.swift */; };
		0000000000000000000000C3 /* QueuedMockModel.swift in Sources */ = {isa = PBXBuildFile; fileRef = 0000000000000000000000C2 /* QueuedMockModel.swift */; };
		0000000000000000000000C5 /* PlanParserTests.swift in Sources */ = {isa = PBXBuildFile; fileRef = 0000000000000000000000C4 /* PlanParserTests.swift */; };
		0000000000000000000000C7 /* PlanGateTests.swift in Sources */ = {isa = PBXBuildFile; fileRef = 0000000000000000000000C6 /* PlanGateTests.swift */; };
		0000000000000000000000C9 /* PlannerTests.swift in Sources */ = {isa = PBXBuildFile; fileRef = 0000000000000000000000C8 /* PlannerTests.swift */; };
		0000000000000000000000CB /* CriticTests.swift in Sources */ = {isa = PBXBuildFile; fileRef = 0000000000000000000000CA /* CriticTests.swift */; };
		0000000000000000000000CD /* PlanPipelineTests.swift in Sources */ = {isa = PBXBuildFile; fileRef = 0000000000000000000000CC /* PlanPipelineTests.swift */; };
		0000000000000000000000CF /* PrivacyLedgerTests.swift in Sources */ = {isa = PBXBuildFile; fileRef = 0000000000000000000000CE /* PrivacyLedgerTests.swift */; };
		0000000000000000000000D1 /* ModelManagerTests.swift in Sources */ = {isa = PBXBuildFile; fileRef = 0000000000000000000000D0 /* ModelManagerTests.swift */; };
		0000000000000000000000D3 /* WorkflowTests.swift in Sources */ = {isa = PBXBuildFile; fileRef = 0000000000000000000000D2 /* WorkflowTests.swift */; };
		0000000000000000000000D5 /* DateTimeToolTests.swift in Sources */ = {isa = PBXBuildFile; fileRef = 0000000000000000000000D4 /* DateTimeToolTests.swift */; };
		0000000000000000000000D7 /* UnitConverterToolTests.swift in Sources */ = {isa = PBXBuildFile; fileRef = 0000000000000000000000D6 /* UnitConverterToolTests.swift */; };
		0000000000000000000000D9 /* ConnectorConfigTests.swift in Sources */ = {isa = PBXBuildFile; fileRef = 0000000000000000000000D8 /* ConnectorConfigTests.swift */; };
		0000000000000000000000DB /* MCPToolProxyTests.swift in Sources */ = {isa = PBXBuildFile; fileRef = 0000000000000000000000DA /* MCPToolProxyTests.swift */; };
		0000000000000000000000DD /* RESTConnectorToolTests.swift in Sources */ = {isa = PBXBuildFile; fileRef = 0000000000000000000000DC /* RESTConnectorToolTests.swift */; };
		0000000000000000000000DF /* AppLauncherToolTests.swift in Sources */ = {isa = PBXBuildFile; fileRef = 0000000000000000000000DE /* AppLauncherToolTests.swift */; };
		0000000000000000000000E1 /* ConnectorManagerTests.swift in Sources */ = {isa = PBXBuildFile; fileRef = 0000000000000000000000E0 /* ConnectorManagerTests.swift */; };
		0000000000000000000000E3 /* ToolRegistryTests.swift in Sources */ = {isa = PBXBuildFile; fileRef = 0000000000000000000000E2 /* ToolRegistryTests.swift */; };
		0000000000000000000000E5 /* MCPAuthMigrationTests.swift in Sources */ = {isa = PBXBuildFile; fileRef = 0000000000000000000000E4 /* MCPAuthMigrationTests.swift */; };
		0000000000000000000000E7 /* JSONKeychainBoxTests.swift in Sources */ = {isa = PBXBuildFile; fileRef = 0000000000000000000000E6 /* JSONKeychainBoxTests.swift */; };
		0000000000000000000000E9 /* MCPCatalogTests.swift in Sources */ = {isa = PBXBuildFile; fileRef = 0000000000000000000000E8 /* MCPCatalogTests.swift */; };
		0000000000000000000000EB /* MCPRegistryClientTests.swift in Sources */ = {isa = PBXBuildFile; fileRef = 0000000000000000000000EA /* MCPRegistryClientTests.swift */; };
		0000000000000000000000ED /* UCPDiscoveryTests.swift in Sources */ = {isa = PBXBuildFile; fileRef = 0000000000000000000000EC /* UCPDiscoveryTests.swift */; };
		0000000000000000000000EF /* GemmaAgentUITests.swift in Sources */ = {isa = PBXBuildFile; fileRef = 0000000000000000000000EE /* GemmaAgentUITests.swift */; };
		0000000000000000000000F1 /* Assets.xcassets in Resources */ = {isa = PBXBuildFile; fileRef = 0000000000000000000000F0 /* Assets.xcassets */; };
		0000000000000000000000F3 /* PrivacyInfo.xcprivacy in Resources */ = {isa = PBXBuildFile; fileRef = 0000000000000000000000F2 /* PrivacyInfo.xcprivacy */; };
		0000000000000000000000F5 /* gemma4b.mlpackage in Sources */ = {isa = PBXBuildFile; fileRef = 0000000000000000000000F4 /* gemma4b.mlpackage */; };
		0000000000000000000000F7 /* tokenizer.json in Resources */ = {isa = PBXBuildFile; fileRef = 0000000000000000000000F6 /* tokenizer.json */; };
		0000000000000000000000F9 /* gemma4e4b.litertlm in Resources */ = {isa = PBXBuildFile; fileRef = 0000000000000000000000F8 /* gemma4e4b.litertlm */; };
		00000000000000000000010A /* MCP in Frameworks */ = {isa = PBXBuildFile; productRef = 000000000000000000000109 /* MCP */; };
		00000000000000000000010C /* AppIntents.framework in Frameworks */ = {isa = PBXBuildFile; fileRef = 00000000000000000000010B /* AppIntents.framework */; };
		000000000000000000000132 /* Workflow.swift in Sources */ = {isa = PBXBuildFile; fileRef = 000000000000000000000090 /* Workflow.swift */; };
		000000000000000000000133 /* WorkflowStore.swift in Sources */ = {isa = PBXBuildFile; fileRef = 000000000000000000000092 /* WorkflowStore.swift */; };
		000000000000000000000134 /* InboxStore.swift in Sources */ = {isa = PBXBuildFile; fileRef = 000000000000000000000094 /* InboxStore.swift */; };
		000000000000000000000135 /* AppGroupStore.swift in Sources */ = {isa = PBXBuildFile; fileRef = 00000000000000000000008E /* AppGroupStore.swift */; };
		000000000000000000000136 /* WorkflowEntity.swift in Sources */ = {isa = PBXBuildFile; fileRef = 000000000000000000000096 /* WorkflowEntity.swift */; };
		000000000000000000000137 /* RunWorkflowIntent.swift in Sources */ = {isa = PBXBuildFile; fileRef = 000000000000000000000098 /* RunWorkflowIntent.swift */; };
		000000000000000000000138 /* GemmaWidget.swift in Sources */ = {isa = PBXBuildFile; fileRef = 000000000000000000000126 /* GemmaWidget.swift */; };
		000000000000000000000143 /* InboxStore.swift in Sources */ = {isa = PBXBuildFile; fileRef = 000000000000000000000094 /* InboxStore.swift */; };
		000000000000000000000144 /* AppGroupStore.swift in Sources */ = {isa = PBXBuildFile; fileRef = 00000000000000000000008E /* AppGroupStore.swift */; };
		000000000000000000000145 /* ShareViewController.swift in Sources */ = {isa = PBXBuildFile; fileRef = 000000000000000000000127 /* ShareViewController.swift */; };
		000000000000000000000147 /* GemmaWidget.appex in Embed App Extensions */ = {isa = PBXBuildFile; fileRef = 000000000000000000000129 /* GemmaWidget.appex */; settings = {ATTRIBUTES = (RemoveHeadersOnCopy, ); }; };
		000000000000000000000148 /* GemmaShare.appex in Embed App Extensions */ = {isa = PBXBuildFile; fileRef = 00000000000000000000013A /* GemmaShare.appex */; settings = {ATTRIBUTES = (RemoveHeadersOnCopy, ); }; };
		6F97B044BAFB5DFB7E880171 /* Pods_GemmaAgent.framework in Frameworks */ = {isa = PBXBuildFile; fileRef = 90EAEB1CB8CB8978D44F3E53 /* Pods_GemmaAgent.framework */; };
/* End PBXBuildFile section */

/* Begin PBXContainerItemProxy section */
		000000000000000000000120 /* PBXContainerItemProxy */ = {
			isa = PBXContainerItemProxy;
			containerPortal = 000000000000000000000001 /* Project object */;
			proxyType = 1;
			remoteGlobalIDString = 000000000000000000000002;
			remoteInfo = GemmaAgent;
		};
		000000000000000000000122 /* PBXContainerItemProxy */ = {
			isa = PBXContainerItemProxy;
			containerPortal = 000000000000000000000001 /* Project object */;
			proxyType = 1;
			remoteGlobalIDString = 000000000000000000000002;
			remoteInfo = GemmaAgent;
		};
		000000000000000000000130 /* PBXContainerItemProxy */ = {
			isa = PBXContainerItemProxy;
			containerPortal = 000000000000000000000001 /* Project object */;
			proxyType = 1;
			remoteGlobalIDString = 000000000000000000000128;
			remoteInfo = GemmaWidget;
		};
		000000000000000000000141 /* PBXContainerItemProxy */ = {
			isa = PBXContainerItemProxy;
			containerPortal = 000000000000000000000001 /* Project object */;
			proxyType = 1;
			remoteGlobalIDString = 000000000000000000000139;
			remoteInfo = GemmaShare;
		};
/* End PBXContainerItemProxy section */

/* Begin PBXCopyFilesBuildPhase section */
		000000000000000000000146 /* Embed App Extensions */ = {
			isa = PBXCopyFilesBuildPhase;
			buildActionMask = 2147483647;
			dstPath = "";
			dstSubfolderSpec = 13;
			files = (
				000000000000000000000147 /* GemmaWidget.appex in Embed App Extensions */,
				000000000000000000000148 /* GemmaShare.appex in Embed App Extensions */,
			);
			name = "Embed App Extensions";
			runOnlyForDeploymentPostprocessing = 0;
		};
/* End PBXCopyFilesBuildPhase section */

/* Begin PBXFileReference section */
		000000000000000000000003 /* GemmaAgent.app */ = {isa = PBXFileReference; explicitFileType = wrapper.application; includeInIndex = 0; path = GemmaAgent.app; sourceTree = BUILT_PRODUCTS_DIR; };
		000000000000000000000005 /* GemmaAgentTests.xctest */ = {isa = PBXFileReference; explicitFileType = wrapper.cfbundle; includeInIndex = 0; path = GemmaAgentTests.xctest; sourceTree = BUILT_PRODUCTS_DIR; };
		000000000000000000000007 /* GemmaAgentUITests.xctest */ = {isa = PBXFileReference; explicitFileType = wrapper.cfbundle; includeInIndex = 0; path = GemmaAgentUITests.xctest; sourceTree = BUILT_PRODUCTS_DIR; };
		000000000000000000000008 /* GeminiClient.swift */ = {isa = PBXFileReference; lastKnownFileType = sourcecode.swift; name = GeminiClient.swift; path = Sources/GemmaAgent/API/GeminiClient.swift; sourceTree = SOURCE_ROOT; };
		00000000000000000000000A /* GeminiModels.swift */ = {isa = PBXFileReference; lastKnownFileType = sourcecode.swift; name = GeminiModels.swift; path = Sources/GemmaAgent/API/GeminiModels.swift; sourceTree = SOURCE_ROOT; };
		00000000000000000000000C /* AgentMessage.swift */ = {isa = PBXFileReference; lastKnownFileType = sourcecode.swift; name = AgentMessage.swift; path = Sources/GemmaAgent/Agent/AgentMessage.swift; sourceTree = SOURCE_ROOT; };
		00000000000000000000000E /* AgentOrchestrator.swift */ = {isa = PBXFileReference; lastKnownFileType = sourcecode.swift; name = AgentOrchestrator.swift; path = Sources/GemmaAgent/Agent/AgentOrchestrator.swift; sourceTree = SOURCE_ROOT; };
		000000000000000000000010 /* AgentState.swift */ = {isa = PBXFileReference; lastKnownFileType = sourcecode.swift; name = AgentState.swift; path = Sources/GemmaAgent/Agent/AgentState.swift; sourceTree = SOURCE_ROOT; };
		000000000000000000000012 /* ConversationWindow.swift */ = {isa = PBXFileReference; lastKnownFileType = sourcecode.swift; name = ConversationWindow.swift; path = Sources/GemmaAgent/Agent/ConversationWindow.swift; sourceTree = SOURCE_ROOT; };
		000000000000000000000014 /* MemoryStore.swift */ = {isa = PBXFileReference; lastKnownFileType = sourcecode.swift; name = MemoryStore.swift; path = Sources/GemmaAgent/Agent/MemoryStore.swift; sourceTree = SOURCE_ROOT; };
		000000000000000000000016 /* MessageRouter.swift */ = {isa = PBXFileReference; lastKnownFileType = sourcecode.swift; name = MessageRouter.swift; path = Sources/GemmaAgent/Agent/MessageRouter.swift; sourceTree = SOURCE_ROOT; };
		000000000000000000000018 /* ModelClassifier.swift */ = {isa = PBXFileReference; lastKnownFileType = sourcecode.swift; name = ModelClassifier.swift; path = Sources/GemmaAgent/Agent/ModelClassifier.swift; sourceTree = SOURCE_ROOT; };
		00000000000000000000001A /* TaskClassifier.swift */ = {isa = PBXFileReference; lastKnownFileType = sourcecode.swift; name = TaskClassifier.swift; path = Sources/GemmaAgent/Agent/TaskClassifier.swift; sourceTree = SOURCE_ROOT; };
		00000000000000000000001C /* RoutingDecision.swift */ = {isa = PBXFileReference; lastKnownFileType = sourcecode.swift; name = RoutingDecision.swift; path = Sources/GemmaAgent/Agent/RoutingDecision.swift; sourceTree = SOURCE_ROOT; };
		00000000000000000000001E /* PlanModels.swift */ = {isa = PBXFileReference; lastKnownFileType = sourcecode.swift; name = PlanModels.swift; path = Sources/GemmaAgent/Agent/PlanModels.swift; sourceTree = SOURCE_ROOT; };
		000000000000000000000020 /* Planner.swift */ = {isa = PBXFileReference; lastKnownFileType = sourcecode.swift; name = Planner.swift; path = Sources/GemmaAgent/Agent/Planner.swift; sourceTree = SOURCE_ROOT; };
		000000000000000000000022 /* Critic.swift */ = {isa = PBXFileReference; lastKnownFileType = sourcecode.swift; name = Critic.swift; path = Sources/GemmaAgent/Agent/Critic.swift; sourceTree = SOURCE_ROOT; };
		000000000000000000000024 /* PlanGate.swift */ = {isa = PBXFileReference; lastKnownFileType = sourcecode.swift; name = PlanGate.swift; path = Sources/GemmaAgent/Agent/PlanGate.swift; sourceTree = SOURCE_ROOT; };
		000000000000000000000026 /* PlanPipeline.swift */ = {isa = PBXFileReference; lastKnownFileType = sourcecode.swift; name = PlanPipeline.swift; path = Sources/GemmaAgent/Agent/PlanPipeline.swift; sourceTree = SOURCE_ROOT; };
		000000000000000000000028 /* PrivacyLedger.swift */ = {isa = PBXFileReference; lastKnownFileType = sourcecode.swift; name = PrivacyLedger.swift; path = Sources/GemmaAgent/Agent/PrivacyLedger.swift; sourceTree = SOURCE_ROOT; };
		00000000000000000000002A /* AskGemmaIntent.swift */ = {isa = PBXFileReference; lastKnownFileType = sourcecode.swift; name = AskGemmaIntent.swift; path = Sources/GemmaAgent/App/AskGemmaIntent.swift; sourceTree = SOURCE_ROOT; };
		00000000000000000000002C /* ContentView.swift */ = {isa = PBXFileReference; lastKnownFileType = sourcecode.swift; name = ContentView.swift; path = Sources/GemmaAgent/App/ContentView.swift; sourceTree = SOURCE_ROOT; };
		00000000000000000000002E /* GemmaAgentApp.swift */ = {isa = PBXFileReference; lastKnownFileType = sourcecode.swift; name = GemmaAgentApp.swift; path = Sources/GemmaAgent/App/GemmaAgentApp.swift; sourceTree = SOURCE_ROOT; };
		000000000000000000000030 /* GemmaModel.swift */ = {isa = PBXFileReference; lastKnownFileType = sourcecode.swift; name = GemmaModel.swift; path = Sources/GemmaAgent/Models/GemmaModel.swift; sourceTree = SOURCE_ROOT; };
		000000000000000000000032 /* GemmaTokenizer.swift */ = {isa = PBXFileReference; lastKnownFileType = sourcecode.swift; name = GemmaTokenizer.swift; path = Sources/GemmaAgent/Models/GemmaTokenizer.swift; sourceTree = SOURCE_ROOT; };
		000000000000000000000034 /* LiteRTGemmaModel.swift */ = {isa = PBXFileReference; lastKnownFileType = sourcecode.swift; name = LiteRTGemmaModel.swift; path = Sources/GemmaAgent/Models/LiteRTGemmaModel.swift; sourceTree = SOURCE_ROOT; };
		000000000000000000000036 /* FoundationModelBackend.swift */ = {isa = PBXFileReference; lastKnownFileType = sourcecode.swift; name = FoundationModelBackend.swift; path = Sources/GemmaAgent/Models/FoundationModelBackend.swift; sourceTree = SOURCE_ROOT; };
		000000000000000000000038 /* ModelCatalog.swift */ = {isa = PBXFileReference; lastKnownFileType = sourcecode.swift; name = ModelCatalog.swift; path = Sources/GemmaAgent/Models/ModelCatalog.swift; sourceTree = SOURCE_ROOT; };
		00000000000000000000003A /* ModelManager.swift */ = {isa = PBXFileReference; lastKnownFileType = sourcecode.swift; name = ModelManager.swift; path = Sources/GemmaAgent/Models/ModelManager.swift; sourceTree = SOURCE_ROOT; };
		00000000000000000000003C /* ModelConfig.swift */ = {isa = PBXFileReference; lastKnownFileType = sourcecode.swift; name = ModelConfig.swift; path = Sources/GemmaAgent/Models/ModelConfig.swift; sourceTree = SOURCE_ROOT; };
		00000000000000000000003E /* ScriptedModel.swift */ = {isa = PBXFileReference; lastKnownFileType = sourcecode.swift; name = ScriptedModel.swift; path = Sources/GemmaAgent/Models/ScriptedModel.swift; sourceTree = SOURCE_ROOT; };
		000000000000000000000040 /* Tokenizer.swift */ = {isa = PBXFileReference; lastKnownFileType = sourcecode.swift; name = Tokenizer.swift; path = Sources/GemmaAgent/Models/Tokenizer.swift; sourceTree = SOURCE_ROOT; };
		000000000000000000000042 /* CalculatorTool.swift */ = {isa = PBXFileReference; lastKnownFileType = sourcecode.swift; name = CalculatorTool.swift; path = Sources/GemmaAgent/Tools/BuiltinTools/CalculatorTool.swift; sourceTree = SOURCE_ROOT; };
		000000000000000000000044 /* EscalateToGeminiTool.swift */ = {isa = PBXFileReference; lastKnownFileType = sourcecode.swift; name = EscalateToGeminiTool.swift; path = Sources/GemmaAgent/Tools/BuiltinTools/EscalateToGeminiTool.swift; sourceTree = SOURCE_ROOT; };
		000000000000000000000046 /* WebSearchTool.swift */ = {isa = PBXFileReference; lastKnownFileType = sourcecode.swift; name = WebSearchTool.swift; path = Sources/GemmaAgent/Tools/BuiltinTools/WebSearchTool.swift; sourceTree = SOURCE_ROOT; };
		000000000000000000000048 /* DateTimeTool.swift */ = {isa = PBXFileReference; lastKnownFileType = sourcecode.swift; name = DateTimeTool.swift; path = Sources/GemmaAgent/Tools/BuiltinTools/DateTimeTool.swift; sourceTree = SOURCE_ROOT; };
		00000000000000000000004A /* UnitConverterTool.swift */ = {isa = PBXFileReference; lastKnownFileType = sourcecode.swift; name = UnitConverterTool.swift; path = Sources/GemmaAgent/Tools/BuiltinTools/UnitConverterTool.swift; sourceTree = SOURCE_ROOT; };
		00000000000000000000004C /* ToolDateParsing.swift */ = {isa = PBXFileReference; lastKnownFileType = sourcecode.swift; name = ToolDateParsing.swift; path = Sources/GemmaAgent/Tools/BuiltinTools/ToolDateParsing.swift; sourceTree = SOURCE_ROOT; };
		00000000000000000000004E /* RemindersTool.swift */ = {isa = PBXFileReference; lastKnownFileType = sourcecode.swift; name = RemindersTool.swift; path = Sources/GemmaAgent/Tools/BuiltinTools/RemindersTool.swift; sourceTree = SOURCE_ROOT; };
		000000000000000000000050 /* CalendarTool.swift */ = {isa = PBXFileReference; lastKnownFileType = sourcecode.swift; name = CalendarTool.swift; path = Sources/GemmaAgent/Tools/BuiltinTools/CalendarTool.swift; sourceTree = SOURCE_ROOT; };
		000000000000000000000052 /* ContactsTool.swift */ = {isa = PBXFileReference; lastKnownFileType = sourcecode.swift; name = ContactsTool.swift; path = Sources/GemmaAgent/Tools/BuiltinTools/ContactsTool.swift; sourceTree = SOURCE_ROOT; };
		000000000000000000000054 /* Tool.swift */ = {isa = PBXFileReference; lastKnownFileType = sourcecode.swift; name = Tool.swift; path = Sources/GemmaAgent/Tools/Tool.swift; sourceTree = SOURCE_ROOT; };
		000000000000000000000056 /* ToolRegistry.swift */ = {isa = PBXFileReference; lastKnownFileType = sourcecode.swift; name = ToolRegistry.swift; path = Sources/GemmaAgent/Tools/ToolRegistry.swift; sourceTree = SOURCE_ROOT; };
		000000000000000000000058 /* AgentTraceView.swift */ = {isa = PBXFileReference; lastKnownFileType = sourcecode.swift; name = AgentTraceView.swift; path = Sources/GemmaAgent/UI/AgentTraceView.swift; sourceTree = SOURCE_ROOT; };
		00000000000000000000005A /* ChatView.swift */ = {isa = PBXFileReference; lastKnownFileType = sourcecode.swift; name = ChatView.swift; path = Sources/GemmaAgent/UI/ChatView.swift; sourceTree = SOURCE_ROOT; };
		00000000000000000000005C /* MemoryView.swift */ = {isa = PBXFileReference; lastKnownFileType = sourcecode.swift; name = MemoryView.swift; path = Sources/GemmaAgent/UI/MemoryView.swift; sourceTree = SOURCE_ROOT; };
		00000000000000000000005E /* MessageBubble.swift */ = {isa = PBXFileReference; lastKnownFileType = sourcecode.swift; name = MessageBubble.swift; path = Sources/GemmaAgent/UI/MessageBubble.swift; sourceTree = SOURCE_ROOT; };
		000000000000000000000060 /* ModelManagerView.swift */ = {isa = PBXFileReference; lastKnownFileType = sourcecode.swift; name = ModelManagerView.swift; path = Sources/GemmaAgent/UI/ModelManagerView.swift; sourceTree = SOURCE_ROOT; };
		000000000000000000000062 /* PrivacyView.swift */ = {isa = PBXFileReference; lastKnownFileType = sourcecode.swift; name = PrivacyView.swift; path = Sources/GemmaAgent/UI/PrivacyView.swift; sourceTree = SOURCE_ROOT; };
		000000000000000000000064 /* SettingsView.swift */ = {isa = PBXFileReference; lastKnownFileType = sourcecode.swift; name = SettingsView.swift; path = Sources/GemmaAgent/UI/SettingsView.swift; sourceTree = SOURCE_ROOT; };
		000000000000000000000066 /* JSONSchema.swift */ = {isa = PBXFileReference; lastKnownFileType = sourcecode.swift; name = JSONSchema.swift; path = Sources/GemmaAgent/Utilities/JSONSchema.swift; sourceTree = SOURCE_ROOT; };
		000000000000000000000068 /* KeychainStore.swift */ = {isa = PBXFileReference; lastKnownFileType = sourcecode.swift; name = KeychainStore.swift; path = Sources/GemmaAgent/Utilities/KeychainStore.swift; sourceTree = SOURCE_ROOT; };
		00000000000000000000006A /* StreamParser.swift */ = {isa = PBXFileReference; lastKnownFileType = sourcecode.swift; name = StreamParser.swift; path = Sources/GemmaAgent/Utilities/StreamParser.swift; sourceTree = SOURCE_ROOT; };
		00000000000000000000006C /* ConversationStore.swift */ = {isa = PBXFileReference; lastKnownFileType = sourcecode.swift; name = ConversationStore.swift; path = Sources/GemmaAgent/Utilities/ConversationStore.swift; sourceTree = SOURCE_ROOT; };
		00000000000000000000006E /* PIISanitizer.swift */ = {isa = PBXFileReference; lastKnownFileType = sourcecode.swift; name = PIISanitizer.swift; path = Sources/GemmaAgent/Utilities/PIISanitizer.swift; sourceTree = SOURCE_ROOT; };
		000000000000000000000070 /* SessionContextTracker.swift */ = {isa = PBXFileReference; lastKnownFileType = sourcecode.swift; name = SessionContextTracker.swift; path = Sources/GemmaAgent/Utilities/SessionContextTracker.swift; sourceTree = SOURCE_ROOT; };
		000000000000000000000072 /* SpeechRecognizer.swift */ = {isa = PBXFileReference; lastKnownFileType = sourcecode.swift; name = SpeechRecognizer.swift; path = Sources/GemmaAgent/Utilities/SpeechRecognizer.swift; sourceTree = SOURCE_ROOT; };
		000000000000000000000074 /* StreamStopFilter.swift */ = {isa = PBXFileReference; lastKnownFileType = sourcecode.swift; name = StreamStopFilter.swift; path = Sources/GemmaAgent/Utilities/StreamStopFilter.swift; sourceTree = SOURCE_ROOT; };
		000000000000000000000076 /* ConnectorConfig.swift */ = {isa = PBXFileReference; lastKnownFileType = sourcecode.swift; name = ConnectorConfig.swift; path = Sources/GemmaAgent/Connectors/ConnectorConfig.swift; sourceTree = SOURCE_ROOT; };
		000000000000000000000078 /* ConnectorManager.swift */ = {isa = PBXFileReference; lastKnownFileType = sourcecode.swift; name = ConnectorManager.swift; path = Sources/GemmaAgent/Connectors/ConnectorManager.swift; sourceTree = SOURCE_ROOT; };
		00000000000000000000007A /* MCPToolProxy.swift */ = {isa = PBXFileReference; lastKnownFileType = sourcecode.swift; name = MCPToolProxy.swift; path = Sources/GemmaAgent/Connectors/MCPToolProxy.swift; sourceTree = SOURCE_ROOT; };
		00000000000000000000007C /* MCPConnection.swift */ = {isa = PBXFileReference; lastKnownFileType = sourcecode.swift; name = MCPConnection.swift; path = Sources/GemmaAgent/Connectors/MCPConnection.swift; sourceTree = SOURCE_ROOT; };
		00000000000000000000007E /* RESTConnectorTool.swift */ = {isa = PBXFileReference; lastKnownFileType = sourcecode.swift; name = RESTConnectorTool.swift; path = Sources/GemmaAgent/Connectors/RESTConnectorTool.swift; sourceTree = SOURCE_ROOT; };
		000000000000000000000080 /* AppLauncherTool.swift */ = {isa = PBXFileReference; lastKnownFileType = sourcecode.swift; name = AppLauncherTool.swift; path = Sources/GemmaAgent/Connectors/AppLauncherTool.swift; sourceTree = SOURCE_ROOT; };
		000000000000000000000082 /* MCPOAuth.swift */ = {isa = PBXFileReference; lastKnownFileType = sourcecode.swift; name = MCPOAuth.swift; path = Sources/GemmaAgent/Connectors/MCPOAuth.swift; sourceTree = SOURCE_ROOT; };
		000000000000000000000084 /* MCPCatalog.swift */ = {isa = PBXFileReference; lastKnownFileType = sourcecode.swift; name = MCPCatalog.swift; path = Sources/GemmaAgent/Connectors/MCPCatalog.swift; sourceTree = SOURCE_ROOT; };
		000000000000000000000086 /* MCPRegistryClient.swift */ = {isa = PBXFileReference; lastKnownFileType = sourcecode.swift; name = MCPRegistryClient.swift; path = Sources/GemmaAgent/Connectors/MCPRegistryClient.swift; sourceTree = SOURCE_ROOT; };
		000000000000000000000088 /* UCPDiscovery.swift */ = {isa = PBXFileReference; lastKnownFileType = sourcecode.swift; name = UCPDiscovery.swift; path = Sources/GemmaAgent/Connectors/UCPDiscovery.swift; sourceTree = SOURCE_ROOT; };
		00000000000000000000008A /* ConnectorsView.swift */ = {isa = PBXFileReference; lastKnownFileType = sourcecode.swift; name = ConnectorsView.swift; path = Sources/GemmaAgent/UI/ConnectorsView.swift; sourceTree = SOURCE_ROOT; };
		00000000000000000000008C /* WorkflowsView.swift */ = {isa = PBXFileReference; lastKnownFileType = sourcecode.swift; name = WorkflowsView.swift; path = Sources/GemmaAgent/UI/WorkflowsView.swift; sourceTree = SOURCE_ROOT; };
		00000000000000000000008E /* AppGroupStore.swift */ = {isa = PBXFileReference; lastKnownFileType = sourcecode.swift; name = AppGroupStore.swift; path = Sources/GemmaAgent/Workflows/AppGroupStore.swift; sourceTree = SOURCE_ROOT; };
		000000000000000000000090 /* Workflow.swift */ = {isa = PBXFileReference; lastKnownFileType = sourcecode.swift; name = Workflow.swift; path = Sources/GemmaAgent/Workflows/Workflow.swift; sourceTree = SOURCE_ROOT; };
		000000000000000000000092 /* WorkflowStore.swift */ = {isa = PBXFileReference; lastKnownFileType = sourcecode.swift; name = WorkflowStore.swift; path = Sources/GemmaAgent/Workflows/WorkflowStore.swift; sourceTree = SOURCE_ROOT; };
		000000000000000000000094 /* InboxStore.swift */ = {isa = PBXFileReference; lastKnownFileType = sourcecode.swift; name = InboxStore.swift; path = Sources/GemmaAgent/Workflows/InboxStore.swift; sourceTree = SOURCE_ROOT; };
		000000000000000000000096 /* WorkflowEntity.swift */ = {isa = PBXFileReference; lastKnownFileType = sourcecode.swift; name = WorkflowEntity.swift; path = Sources/GemmaAgent/Workflows/WorkflowEntity.swift; sourceTree = SOURCE_ROOT; };
		000000000000000000000098 /* RunWorkflowIntent.swift */ = {isa = PBXFileReference; lastKnownFileType = sourcecode.swift; name = RunWorkflowIntent.swift; path = Sources/GemmaAgent/Workflows/RunWorkflowIntent.swift; sourceTree = SOURCE_ROOT; };
		00000000000000000000009A /* WorkflowManager.swift */ = {isa = PBXFileReference; lastKnownFileType = sourcecode.swift; name = WorkflowManager.swift; path = Sources/GemmaAgent/Workflows/WorkflowManager.swift; sourceTree = SOURCE_ROOT; };
		00000000000000000000009C /* CalculatorToolTests.swift */ = {isa = PBXFileReference; lastKnownFileType = sourcecode.swift; name = CalculatorToolTests.swift; path = Tests/GemmaAgentTests/CalculatorToolTests.swift; sourceTree = SOURCE_ROOT; };
		00000000000000000000009E /* ResponseParserTests.swift */ = {isa = PBXFileReference; lastKnownFileType = sourcecode.swift; name = ResponseParserTests.swift; path = Tests/GemmaAgentTests/ResponseParserTests.swift; sourceTree = SOURCE_ROOT; };
		0000000000000000000000A0 /* GemmaTokenizerTests.swift */ = {isa = PBXFileReference; lastKnownFileType = sourcecode.swift; name = GemmaTokenizerTests.swift; path = Tests/GemmaAgentTests/GemmaTokenizerTests.swift; sourceTree = SOURCE_ROOT; };
		0000000000000000000000A2 /* LiteRTEngineTests.swift */ = {isa = PBXFileReference; lastKnownFileType = sourcecode.swift; name = LiteRTEngineTests.swift; path = Tests/GemmaAgentTests/LiteRTEngineTests.swift; sourceTree = SOURCE_ROOT; };
		0000000000000000000000A4 /* StreamStopFilterTests.swift */ = {isa = PBXFileReference; lastKnownFileType = sourcecode.swift; name = StreamStopFilterTests.swift; path = Tests/GemmaAgentTests/StreamStopFilterTests.swift; sourceTree = SOURCE_ROOT; };
		0000000000000000000000A6 /* AgentOrchestratorTests.swift */ = {isa = PBXFileReference; lastKnownFileType = sourcecode.swift; name = AgentOrchestratorTests.swift; path = Tests/GemmaAgentTests/AgentOrchestratorTests.swift; sourceTree = SOURCE_ROOT; };
		0000000000000000000000A8 /* KeychainStoreTests.swift */ = {isa = PBXFileReference; lastKnownFileType = sourcecode.swift; name = KeychainStoreTests.swift; path = Tests/GemmaAgentTests/KeychainStoreTests.swift; sourceTree = SOURCE_ROOT; };
		0000000000000000000000AA /* MemoryStoreTests.swift */ = {isa = PBXFileReference; lastKnownFileType = sourcecode.swift; name = MemoryStoreTests.swift; path = Tests/GemmaAgentTests/MemoryStoreTests.swift; sourceTree = SOURCE_ROOT; };
		0000000000000000000000AC /* StreamParserTests.swift */ = {isa = PBXFileReference; lastKnownFileType = sourcecode.swift; name = StreamParserTests.swift; path = Tests/GemmaAgentTests/StreamParserTests.swift; sourceTree = SOURCE_ROOT; };
		0000000000000000000000AE /* GenerationConfigTests.swift */ = {isa = PBXFileReference; lastKnownFileType = sourcecode.swift; name = GenerationConfigTests.swift; path = Tests/GemmaAgentTests/GenerationConfigTests.swift; sourceTree = SOURCE_ROOT; };
		0000000000000000000000B0 /* MessageRouterTests.swift */ = {isa = PBXFileReference; lastKnownFileType = sourcecode.swift; name = MessageRouterTests.swift; path = Tests/GemmaAgentTests/MessageRouterTests.swift; sourceTree = SOURCE_ROOT; };
		0000000000000000000000B2 /* ClassifierEvalTests.swift */ = {isa = PBXFileReference; lastKnownFileType = sourcecode.swift; name = ClassifierEvalTests.swift; path = Tests/GemmaAgentTests/ClassifierEvalTests.swift; sourceTree = SOURCE_ROOT; };
		0000000000000000000000B4 /* ClassifierTests.swift */ = {isa = PBXFileReference; lastKnownFileType = sourcecode.swift; name = ClassifierTests.swift; path = Tests/GemmaAgentTests/ClassifierTests.swift; sourceTree = SOURCE_ROOT; };
		0000000000000000000000B6 /* PIISanitizerTests.swift */ = {isa = PBXFileReference; lastKnownFileType = sourcecode.swift; name = PIISanitizerTests.swift; path = Tests/GemmaAgentTests/PIISanitizerTests.swift; sourceTree = SOURCE_ROOT; };
		0000000000000000000000B8 /* ConversationWindowTests.swift */ = {isa = PBXFileReference; lastKnownFileType = sourcecode.swift; name = ConversationWindowTests.swift; path = Tests/GemmaAgentTests/ConversationWindowTests.swift; sourceTree = SOURCE_ROOT; };
		0000000000000000000000BA /* SessionContextTrackerTests.swift */ = {isa = PBXFileReference; lastKnownFileType = sourcecode.swift; name = SessionContextTrackerTests.swift; path = Tests/GemmaAgentTests/SessionContextTrackerTests.swift; sourceTree = SOURCE_ROOT; };
		0000000000000000000000BC /* ScriptedModelTests.swift */ = {isa = PBXFileReference; lastKnownFileType = sourcecode.swift; name = ScriptedModelTests.swift; path = Tests/GemmaAgentTests/ScriptedModelTests.swift; sourceTree = SOURCE_ROOT; };
		0000000000000000000000BE /* ChatTemplateTests.swift */ = {isa = PBXFileReference; lastKnownFileType = sourcecode.swift; name = ChatTemplateTests.swift; path = Tests/GemmaAgentTests/ChatTemplateTests.swift; sourceTree = SOURCE_ROOT; };
		0000000000000000000000C0 /* JSONValueTests.swift */ = {isa = PBXFileReference; lastKnownFileType = sourcecode.swift; name = JSONValueTests.swift; path = Tests/GemmaAgentTests/JSONValueTests.swift; sourceTree = SOURCE_ROOT; };
		0000000000000000000000C2 /* QueuedMockModel.swift */ = {isa = PBXFileReference; lastKnownFileType = sourcecode.swift; name = QueuedMockModel.swift; path = Tests/GemmaAgentTests/QueuedMockModel.swift; sourceTree = SOURCE_ROOT; };
		0000000000000000000000C4 /* PlanParserTests.swift */ = {isa = PBXFileReference; lastKnownFileType = sourcecode.swift; name = PlanParserTests.swift; path = Tests/GemmaAgentTests/PlanParserTests.swift; sourceTree = SOURCE_ROOT; };
		0000000000000000000000C6 /* PlanGateTests.swift */ = {isa = PBXFileReference; lastKnownFileType = sourcecode.swift; name = PlanGateTests.swift; path = Tests/GemmaAgentTests/PlanGateTests.swift; sourceTree = SOURCE_ROOT; };
		0000000000000000000000C8 /* PlannerTests.swift */ = {isa = PBXFileReference; lastKnownFileType = sourcecode.swift; name = PlannerTests.swift; path = Tests/GemmaAgentTests/PlannerTests.swift; sourceTree = SOURCE_ROOT; };
		0000000000000000000000CA /* CriticTests.swift */ = {isa = PBXFileReference; lastKnownFileType = sourcecode.swift; name = CriticTests.swift; path = Tests/GemmaAgentTests/CriticTests.swift; sourceTree = SOURCE_ROOT; };
		0000000000000000000000CC /* PlanPipelineTests.swift */ = {isa = PBXFileReference; lastKnownFileType = sourcecode.swift; name = PlanPipelineTests.swift; path = Tests/GemmaAgentTests/PlanPipelineTests.swift; sourceTree = SOURCE_ROOT; };
		0000000000000000000000CE /* PrivacyLedgerTests.swift */ = {isa = PBXFileReference; lastKnownFileType = sourcecode.swift; name = PrivacyLedgerTests.swift; path = Tests/GemmaAgentTests/PrivacyLedgerTests.swift; sourceTree = SOURCE_ROOT; };
		0000000000000000000000D0 /* ModelManagerTests.swift */ = {isa = PBXFileReference; lastKnownFileType = sourcecode.swift; name = ModelManagerTests.swift; path = Tests/GemmaAgentTests/ModelManagerTests.swift; sourceTree = SOURCE_ROOT; };
		0000000000000000000000D2 /* WorkflowTests.swift */ = {isa = PBXFileReference; lastKnownFileType = sourcecode.swift; name = WorkflowTests.swift; path = Tests/GemmaAgentTests/WorkflowTests.swift; sourceTree = SOURCE_ROOT; };
		0000000000000000000000D4 /* DateTimeToolTests.swift */ = {isa = PBXFileReference; lastKnownFileType = sourcecode.swift; name = DateTimeToolTests.swift; path = Tests/GemmaAgentTests/DateTimeToolTests.swift; sourceTree = SOURCE_ROOT; };
		0000000000000000000000D6 /* UnitConverterToolTests.swift */ = {isa = PBXFileReference; lastKnownFileType = sourcecode.swift; name = UnitConverterToolTests.swift; path = Tests/GemmaAgentTests/UnitConverterToolTests.swift; sourceTree = SOURCE_ROOT; };
		0000000000000000000000D8 /* ConnectorConfigTests.swift */ = {isa = PBXFileReference; lastKnownFileType = sourcecode.swift; name = ConnectorConfigTests.swift; path = Tests/GemmaAgentTests/ConnectorConfigTests.swift; sourceTree = SOURCE_ROOT; };
		0000000000000000000000DA /* MCPToolProxyTests.swift */ = {isa = PBXFileReference; lastKnownFileType = sourcecode.swift; name = MCPToolProxyTests.swift; path = Tests/GemmaAgentTests/MCPToolProxyTests.swift; sourceTree = SOURCE_ROOT; };
		0000000000000000000000DC /* RESTConnectorToolTests.swift */ = {isa = PBXFileReference; lastKnownFileType = sourcecode.swift; name = RESTConnectorToolTests.swift; path = Tests/GemmaAgentTests/RESTConnectorToolTests.swift; sourceTree = SOURCE_ROOT; };
		0000000000000000000000DE /* AppLauncherToolTests.swift */ = {isa = PBXFileReference; lastKnownFileType = sourcecode.swift; name = AppLauncherToolTests.swift; path = Tests/GemmaAgentTests/AppLauncherToolTests.swift; sourceTree = SOURCE_ROOT; };
		0000000000000000000000E0 /* ConnectorManagerTests.swift */ = {isa = PBXFileReference; lastKnownFileType = sourcecode.swift; name = ConnectorManagerTests.swift; path = Tests/GemmaAgentTests/ConnectorManagerTests.swift; sourceTree = SOURCE_ROOT; };
		0000000000000000000000E2 /* ToolRegistryTests.swift */ = {isa = PBXFileReference; lastKnownFileType = sourcecode.swift; name = ToolRegistryTests.swift; path = Tests/GemmaAgentTests/ToolRegistryTests.swift; sourceTree = SOURCE_ROOT; };
		0000000000000000000000E4 /* MCPAuthMigrationTests.swift */ = {isa = PBXFileReference; lastKnownFileType = sourcecode.swift; name = MCPAuthMigrationTests.swift; path = Tests/GemmaAgentTests/MCPAuthMigrationTests.swift; sourceTree = SOURCE_ROOT; };
		0000000000000000000000E6 /* JSONKeychainBoxTests.swift */ = {isa = PBXFileReference; lastKnownFileType = sourcecode.swift; name = JSONKeychainBoxTests.swift; path = Tests/GemmaAgentTests/JSONKeychainBoxTests.swift; sourceTree = SOURCE_ROOT; };
		0000000000000000000000E8 /* MCPCatalogTests.swift */ = {isa = PBXFileReference; lastKnownFileType = sourcecode.swift; name = MCPCatalogTests.swift; path = Tests/GemmaAgentTests/MCPCatalogTests.swift; sourceTree = SOURCE_ROOT; };
		0000000000000000000000EA /* MCPRegistryClientTests.swift */ = {isa = PBXFileReference; lastKnownFileType = sourcecode.swift; name = MCPRegistryClientTests.swift; path = Tests/GemmaAgentTests/MCPRegistryClientTests.swift; sourceTree = SOURCE_ROOT; };
		0000000000000000000000EC /* UCPDiscoveryTests.swift */ = {isa = PBXFileReference; lastKnownFileType = sourcecode.swift; name = UCPDiscoveryTests.swift; path = Tests/GemmaAgentTests/UCPDiscoveryTests.swift; sourceTree = SOURCE_ROOT; };
		0000000000000000000000EE /* GemmaAgentUITests.swift */ = {isa = PBXFileReference; lastKnownFileType = sourcecode.swift; name = GemmaAgentUITests.swift; path = UITests/GemmaAgentUITests.swift; sourceTree = SOURCE_ROOT; };
		0000000000000000000000F0 /* Assets.xcassets */ = {isa = PBXFileReference; lastKnownFileType = folder.assetcatalog; name = Assets.xcassets; path = GemmaAgent/Assets.xcassets; sourceTree = SOURCE_ROOT; };
		0000000000000000000000F2 /* PrivacyInfo.xcprivacy */ = {isa = PBXFileReference; lastKnownFileType = text.plist.xml; name = PrivacyInfo.xcprivacy; path = GemmaAgent/PrivacyInfo.xcprivacy; sourceTree = SOURCE_ROOT; };
		0000000000000000000000F4 /* gemma4b.mlpackage */ = {isa = PBXFileReference; lastKnownFileType = folder.mlpackage; name = gemma4b.mlpackage; path = GemmaAgent/gemma4b.mlpackage; sourceTree = SOURCE_ROOT; };
		0000000000000000000000F6 /* tokenizer.json */ = {isa = PBXFileReference; lastKnownFileType = text.json; name = tokenizer.json; path = GemmaAgent/tokenizer.json; sourceTree = SOURCE_ROOT; };
		0000000000000000000000F8 /* gemma4e4b.litertlm */ = {isa = PBXFileReference; lastKnownFileType = file; name = gemma4e4b.litertlm; path = GemmaAgent/gemma4e4b.litertlm; sourceTree = SOURCE_ROOT; };
		00000000000000000000010B /* AppIntents.framework */ = {isa = PBXFileReference; lastKnownFileType = wrapper.framework; name = AppIntents.framework; path = System/Library/Frameworks/AppIntents.framework; sourceTree = SDKROOT; };
		000000000000000000000126 /* GemmaWidget.swift */ = {isa = PBXFileReference; lastKnownFileType = sourcecode.swift; name = GemmaWidget.swift; path = GemmaWidget/GemmaWidget.swift; sourceTree = SOURCE_ROOT; };
		000000000000000000000127 /* ShareViewController.swift */ = {isa = PBXFileReference; lastKnownFileType = sourcecode.swift; name = ShareViewController.swift; path = GemmaShare/ShareViewController.swift; sourceTree = SOURCE_ROOT; };
		000000000000000000000129 /* GemmaWidget.appex */ = {isa = PBXFileReference; explicitFileType = "wrapper.app-extension"; includeInIndex = 0; path = GemmaWidget.appex; sourceTree = BUILT_PRODUCTS_DIR; };
		00000000000000000000013A /* GemmaShare.appex */ = {isa = PBXFileReference; explicitFileType = "wrapper.app-extension"; includeInIndex = 0; path = GemmaShare.appex; sourceTree = BUILT_PRODUCTS_DIR; };
		38EAE4B38452DFBCC130A8E1 /* Pods-GemmaAgent.release.xcconfig */ = {isa = PBXFileReference; includeInIndex = 1; lastKnownFileType = text.xcconfig; name = "Pods-GemmaAgent.release.xcconfig"; path = "Target Support Files/Pods-GemmaAgent/Pods-GemmaAgent.release.xcconfig"; sourceTree = "<group>"; };
		90EAEB1CB8CB8978D44F3E53 /* Pods_GemmaAgent.framework */ = {isa = PBXFileReference; explicitFileType = wrapper.framework; includeInIndex = 0; path = Pods_GemmaAgent.framework; sourceTree = BUILT_PRODUCTS_DIR; };
		A8D617491F4B58853DB1BE3D /* Pods-GemmaAgent.debug.xcconfig */ = {isa = PBXFileReference; includeInIndex = 1; lastKnownFileType = text.xcconfig; name = "Pods-GemmaAgent.debug.xcconfig"; path = "Target Support Files/Pods-GemmaAgent/Pods-GemmaAgent.debug.xcconfig"; sourceTree = "<group>"; };
/* End PBXFileReference section */

/* Begin PBXFrameworksBuildPhase section */
		00000000000000000000010F /* Frameworks */ = {
			isa = PBXFrameworksBuildPhase;
			buildActionMask = 2147483647;
			files = (
				00000000000000000000010A /* MCP in Frameworks */,
				00000000000000000000010C /* AppIntents.framework in Frameworks */,
				6F97B044BAFB5DFB7E880171 /* Pods_GemmaAgent.framework in Frameworks */,
			);
			runOnlyForDeploymentPostprocessing = 0;
		};
		000000000000000000000111 /* Frameworks */ = {
			isa = PBXFrameworksBuildPhase;
			buildActionMask = 2147483647;
			files = (
			);
			runOnlyForDeploymentPostprocessing = 0;
		};
		000000000000000000000113 /* Frameworks */ = {
			isa = PBXFrameworksBuildPhase;
			buildActionMask = 2147483647;
			files = (
			);
			runOnlyForDeploymentPostprocessing = 0;
		};
		00000000000000000000012B /* Frameworks */ = {
			isa = PBXFrameworksBuildPhase;
			buildActionMask = 2147483647;
			files = (
			);
			runOnlyForDeploymentPostprocessing = 0;
		};
		00000000000000000000013C /* Frameworks */ = {
			isa = PBXFrameworksBuildPhase;
			buildActionMask = 2147483647;
			files = (
			);
			runOnlyForDeploymentPostprocessing = 0;
		};
/* End PBXFrameworksBuildPhase section */

/* Begin PBXGroup section */
		0000000000000000000000FA = {
			isa = PBXGroup;
			children = (
				0000000000000000000000FC /* GemmaAgent */,
				000000000000000000000124 /* GemmaAgentTests */,
				000000000000000000000125 /* GemmaAgentUITests */,
				000000000000000000000149 /* Extensions */,
				000000000000000000000107 /* Resources */,
				0000000000000000000000FB /* Products */,
				A13BE999878B16817C6BA209 /* Pods */,
				F6AD74073FE9D81012268906 /* Frameworks */,
			);
			name = GemmaAgent;
			sourceTree = "<group>";
		};
		0000000000000000000000FB /* Products */ = {
			isa = PBXGroup;
			children = (
				000000000000000000000003 /* GemmaAgent.app */,
				000000000000000000000005 /* GemmaAgentTests.xctest */,
				000000000000000000000007 /* GemmaAgentUITests.xctest */,
				000000000000000000000129 /* GemmaWidget.appex */,
				00000000000000000000013A /* GemmaShare.appex */,
			);
			name = Products;
			sourceTree = "<group>";
		};
		0000000000000000000000FC /* GemmaAgent */ = {
			isa = PBXGroup;
			children = (
				0000000000000000000000FF /* App */,
				0000000000000000000000FE /* Agent */,
				000000000000000000000100 /* Models */,
				000000000000000000000101 /* Tools */,
				000000000000000000000105 /* Connectors */,
				000000000000000000000106 /* Workflows */,
				000000000000000000000103 /* UI */,
				0000000000000000000000FD /* API */,
				000000000000000000000104 /* Utilities */,
			);
			name = GemmaAgent;
			sourceTree = "<group>";
		};
		0000000000000000000000FD /* API */ = {
			isa = PBXGroup;
			children = (
				000000000000000000000008 /* GeminiClient.swift */,
				00000000000000000000000A /* GeminiModels.swift */,
			);
			name = API;
			sourceTree = "<group>";
		};
		0000000000000000000000FE /* Agent */ = {
			isa = PBXGroup;
			children = (
				00000000000000000000000C /* AgentMessage.swift */,
				00000000000000000000000E /* AgentOrchestrator.swift */,
				000000000000000000000010 /* AgentState.swift */,
				000000000000000000000012 /* ConversationWindow.swift */,
				000000000000000000000014 /* MemoryStore.swift */,
				000000000000000000000016 /* MessageRouter.swift */,
				000000000000000000000018 /* ModelClassifier.swift */,
				00000000000000000000001A /* TaskClassifier.swift */,
				00000000000000000000001C /* RoutingDecision.swift */,
				00000000000000000000001E /* PlanModels.swift */,
				000000000000000000000020 /* Planner.swift */,
				000000000000000000000022 /* Critic.swift */,
				000000000000000000000024 /* PlanGate.swift */,
				000000000000000000000026 /* PlanPipeline.swift */,
				000000000000000000000028 /* PrivacyLedger.swift */,
			);
			name = Agent;
			sourceTree = "<group>";
		};
		0000000000000000000000FF /* App */ = {
			isa = PBXGroup;
			children = (
				00000000000000000000002A /* AskGemmaIntent.swift */,
				00000000000000000000002C /* ContentView.swift */,
				00000000000000000000002E /* GemmaAgentApp.swift */,
			);
			name = App;
			sourceTree = "<group>";
		};
		000000000000000000000100 /* Models */ = {
			isa = PBXGroup;
			children = (
				000000000000000000000030 /* GemmaModel.swift */,
				000000000000000000000032 /* GemmaTokenizer.swift */,
				000000000000000000000034 /* LiteRTGemmaModel.swift */,
				000000000000000000000036 /* FoundationModelBackend.swift */,
				000000000000000000000038 /* ModelCatalog.swift */,
				00000000000000000000003A /* ModelManager.swift */,
				00000000000000000000003C /* ModelConfig.swift */,
				00000000000000000000003E /* ScriptedModel.swift */,
				000000000000000000000040 /* Tokenizer.swift */,
			);
			name = Models;
			sourceTree = "<group>";
		};
		000000000000000000000101 /* Tools */ = {
			isa = PBXGroup;
			children = (
				000000000000000000000054 /* Tool.swift */,
				000000000000000000000056 /* ToolRegistry.swift */,
				000000000000000000000102 /* BuiltinTools */,
			);
			name = Tools;
			sourceTree = "<group>";
		};
		000000000000000000000102 /* BuiltinTools */ = {
			isa = PBXGroup;
			children = (
				000000000000000000000042 /* CalculatorTool.swift */,
				000000000000000000000044 /* EscalateToGeminiTool.swift */,
				000000000000000000000046 /* WebSearchTool.swift */,
				000000000000000000000048 /* DateTimeTool.swift */,
				00000000000000000000004A /* UnitConverterTool.swift */,
				00000000000000000000004C /* ToolDateParsing.swift */,
				00000000000000000000004E /* RemindersTool.swift */,
				000000000000000000000050 /* CalendarTool.swift */,
				000000000000000000000052 /* ContactsTool.swift */,
			);
			name = BuiltinTools;
			sourceTree = "<group>";
		};
		000000000000000000000103 /* UI */ = {
			isa = PBXGroup;
			children = (
				000000000000000000000058 /* AgentTraceView.swift */,
				00000000000000000000005A /* ChatView.swift */,
				00000000000000000000005C /* MemoryView.swift */,
				00000000000000000000005E /* MessageBubble.swift */,
				000000000000000000000060 /* ModelManagerView.swift */,
				000000000000000000000062 /* PrivacyView.swift */,
				000000000000000000000064 /* SettingsView.swift */,
				00000000000000000000008A /* ConnectorsView.swift */,
				00000000000000000000008C /* WorkflowsView.swift */,
			);
			name = UI;
			sourceTree = "<group>";
		};
		000000000000000000000104 /* Utilities */ = {
			isa = PBXGroup;
			children = (
				000000000000000000000066 /* JSONSchema.swift */,
				000000000000000000000068 /* KeychainStore.swift */,
				00000000000000000000006A /* StreamParser.swift */,
				00000000000000000000006C /* ConversationStore.swift */,
				00000000000000000000006E /* PIISanitizer.swift */,
				000000000000000000000070 /* SessionContextTracker.swift */,
				000000000000000000000072 /* SpeechRecognizer.swift */,
				000000000000000000000074 /* StreamStopFilter.swift */,
			);
			name = Utilities;
			sourceTree = "<group>";
		};
		000000000000000000000105 /* Connectors */ = {
			isa = PBXGroup;
			children = (
				000000000000000000000076 /* ConnectorConfig.swift */,
				000000000000000000000078 /* ConnectorManager.swift */,
				00000000000000000000007A /* MCPToolProxy.swift */,
				00000000000000000000007C /* MCPConnection.swift */,
				00000000000000000000007E /* RESTConnectorTool.swift */,
				000000000000000000000080 /* AppLauncherTool.swift */,
				000000000000000000000082 /* MCPOAuth.swift */,
				000000000000000000000084 /* MCPCatalog.swift */,
				000000000000000000000086 /* MCPRegistryClient.swift */,
				000000000000000000000088 /* UCPDiscovery.swift */,
			);
			name = Connectors;
			sourceTree = "<group>";
		};
		000000000000000000000106 /* Workflows */ = {
			isa = PBXGroup;
			children = (
				00000000000000000000008E /* AppGroupStore.swift */,
				000000000000000000000090 /* Workflow.swift */,
				000000000000000000000092 /* WorkflowStore.swift */,
				000000000000000000000094 /* InboxStore.swift */,
				000000000000000000000096 /* WorkflowEntity.swift */,
				000000000000000000000098 /* RunWorkflowIntent.swift */,
				00000000000000000000009A /* WorkflowManager.swift */,
			);
			name = Workflows;
			sourceTree = "<group>";
		};
		000000000000000000000107 /* Resources */ = {
			isa = PBXGroup;
			children = (
				0000000000000000000000F0 /* Assets.xcassets */,
				0000000000000000000000F2 /* PrivacyInfo.xcprivacy */,
				0000000000000000000000F4 /* gemma4b.mlpackage */,
				0000000000000000000000F6 /* tokenizer.json */,
				0000000000000000000000F8 /* gemma4e4b.litertlm */,
			);
			name = Resources;
			sourceTree = "<group>";
		};
		000000000000000000000124 /* GemmaAgentTests */ = {
			isa = PBXGroup;
			children = (
				00000000000000000000009C /* CalculatorToolTests.swift */,
				00000000000000000000009E /* ResponseParserTests.swift */,
				0000000000000000000000A0 /* GemmaTokenizerTests.swift */,
				0000000000000000000000A2 /* LiteRTEngineTests.swift */,
				0000000000000000000000A4 /* StreamStopFilterTests.swift */,
				0000000000000000000000A6 /* AgentOrchestratorTests.swift */,
				0000000000000000000000A8 /* KeychainStoreTests.swift */,
				0000000000000000000000AA /* MemoryStoreTests.swift */,
				0000000000000000000000AC /* StreamParserTests.swift */,
				0000000000000000000000AE /* GenerationConfigTests.swift */,
				0000000000000000000000B0 /* MessageRouterTests.swift */,
				0000000000000000000000B2 /* ClassifierEvalTests.swift */,
				0000000000000000000000B4 /* ClassifierTests.swift */,
				0000000000000000000000B6 /* PIISanitizerTests.swift */,
				0000000000000000000000B8 /* ConversationWindowTests.swift */,
				0000000000000000000000BA /* SessionContextTrackerTests.swift */,
				0000000000000000000000BC /* ScriptedModelTests.swift */,
				0000000000000000000000BE /* ChatTemplateTests.swift */,
				0000000000000000000000C0 /* JSONValueTests.swift */,
				0000000000000000000000C2 /* QueuedMockModel.swift */,
				0000000000000000000000C4 /* PlanParserTests.swift */,
				0000000000000000000000C6 /* PlanGateTests.swift */,
				0000000000000000000000C8 /* PlannerTests.swift */,
				0000000000000000000000CA /* CriticTests.swift */,
				0000000000000000000000CC /* PlanPipelineTests.swift */,
				0000000000000000000000CE /* PrivacyLedgerTests.swift */,
				0000000000000000000000D0 /* ModelManagerTests.swift */,
				0000000000000000000000D2 /* WorkflowTests.swift */,
				0000000000000000000000D4 /* DateTimeToolTests.swift */,
				0000000000000000000000D6 /* UnitConverterToolTests.swift */,
				0000000000000000000000D8 /* ConnectorConfigTests.swift */,
				0000000000000000000000DA /* MCPToolProxyTests.swift */,
				0000000000000000000000DC /* RESTConnectorToolTests.swift */,
				0000000000000000000000DE /* AppLauncherToolTests.swift */,
				0000000000000000000000E0 /* ConnectorManagerTests.swift */,
				0000000000000000000000E2 /* ToolRegistryTests.swift */,
				0000000000000000000000E4 /* MCPAuthMigrationTests.swift */,
				0000000000000000000000E6 /* JSONKeychainBoxTests.swift */,
				0000000000000000000000E8 /* MCPCatalogTests.swift */,
				0000000000000000000000EA /* MCPRegistryClientTests.swift */,
				0000000000000000000000EC /* UCPDiscoveryTests.swift */,
			);
			name = GemmaAgentTests;
			sourceTree = "<group>";
		};
		000000000000000000000125 /* GemmaAgentUITests */ = {
			isa = PBXGroup;
			children = (
				0000000000000000000000EE /* GemmaAgentUITests.swift */,
			);
			name = GemmaAgentUITests;
			sourceTree = "<group>";
		};
		000000000000000000000149 /* Extensions */ = {
			isa = PBXGroup;
			children = (
				00000000000000000000014A /* GemmaWidget */,
				00000000000000000000014B /* GemmaShare */,
			);
			name = Extensions;
			sourceTree = "<group>";
		};
		00000000000000000000014A /* GemmaWidget */ = {
			isa = PBXGroup;
			children = (
				000000000000000000000126 /* GemmaWidget.swift */,
			);
			name = GemmaWidget;
			sourceTree = "<group>";
		};
		00000000000000000000014B /* GemmaShare */ = {
			isa = PBXGroup;
			children = (
				000000000000000000000127 /* ShareViewController.swift */,
			);
			name = GemmaShare;
			sourceTree = "<group>";
		};
		A13BE999878B16817C6BA209 /* Pods */ = {
			isa = PBXGroup;
			children = (
				A8D617491F4B58853DB1BE3D /* Pods-GemmaAgent.debug.xcconfig */,
				38EAE4B38452DFBCC130A8E1 /* Pods-GemmaAgent.release.xcconfig */,
			);
			name = Pods;
			path = Pods;
			sourceTree = "<group>";
		};
		F6AD74073FE9D81012268906 /* Frameworks */ = {
			isa = PBXGroup;
			children = (
				90EAEB1CB8CB8978D44F3E53 /* Pods_GemmaAgent.framework */,
			);
			name = Frameworks;
			sourceTree = "<group>";
		};
/* End PBXGroup section */

/* Begin PBXNativeTarget section */
		000000000000000000000002 /* GemmaAgent */ = {
			isa = PBXNativeTarget;
			buildConfigurationList = 00000000000000000000011D /* Build configuration list for PBXNativeTarget "GemmaAgent" */;
			buildPhases = (
				C39E1E817B152A1622088923 /* [CP] Check Pods Manifest.lock */,
				00000000000000000000010D /* Sources */,
				00000000000000000000010E /* Resources */,
				00000000000000000000010F /* Frameworks */,
				000000000000000000000146 /* Embed App Extensions */,
			);
			buildRules = (
			);
			dependencies = (
				000000000000000000000131 /* PBXTargetDependency */,
				000000000000000000000142 /* PBXTargetDependency */,
			);
			name = GemmaAgent;
			packageProductDependencies = (
				000000000000000000000109 /* MCP */,
			);
			productName = GemmaAgent;
			productReference = 000000000000000000000003 /* GemmaAgent.app */;
			productType = "com.apple.product-type.application";
		};
		000000000000000000000004 /* GemmaAgentTests */ = {
			isa = PBXNativeTarget;
			buildConfigurationList = 00000000000000000000011E /* Build configuration list for PBXNativeTarget "GemmaAgentTests" */;
			buildPhases = (
				000000000000000000000110 /* Sources */,
				000000000000000000000111 /* Frameworks */,
			);
			buildRules = (
			);
			dependencies = (
				000000000000000000000121 /* PBXTargetDependency */,
			);
			name = GemmaAgentTests;
			productName = GemmaAgentTests;
			productReference = 000000000000000000000005 /* GemmaAgentTests.xctest */;
			productType = "com.apple.product-type.bundle.unit-test";
		};
		000000000000000000000006 /* GemmaAgentUITests */ = {
			isa = PBXNativeTarget;
			buildConfigurationList = 00000000000000000000011F /* Build configuration list for PBXNativeTarget "GemmaAgentUITests" */;
			buildPhases = (
				000000000000000000000112 /* Sources */,
				000000000000000000000113 /* Frameworks */,
			);
			buildRules = (
			);
			dependencies = (
				000000000000000000000123 /* PBXTargetDependency */,
			);
			name = GemmaAgentUITests;
			productName = GemmaAgentUITests;
			productReference = 000000000000000000000007 /* GemmaAgentUITests.xctest */;
			productType = "com.apple.product-type.bundle.ui-testing";
		};
		000000000000000000000128 /* GemmaWidget */ = {
			isa = PBXNativeTarget;
			buildConfigurationList = 00000000000000000000012D /* Build configuration list for PBXNativeTarget "GemmaWidget" */;
			buildPhases = (
				00000000000000000000012A /* Sources */,
				00000000000000000000012B /* Frameworks */,
				00000000000000000000012C /* Resources */,
			);
			buildRules = (
			);
			dependencies = (
			);
			name = GemmaWidget;
			productName = GemmaWidget;
			productReference = 000000000000000000000129 /* GemmaWidget.appex */;
			productType = "com.apple.product-type.app-extension";
		};
		000000000000000000000139 /* GemmaShare */ = {
			isa = PBXNativeTarget;
			buildConfigurationList = 00000000000000000000013E /* Build configuration list for PBXNativeTarget "GemmaShare" */;
			buildPhases = (
				00000000000000000000013B /* Sources */,
				00000000000000000000013C /* Frameworks */,
				00000000000000000000013D /* Resources */,
			);
			buildRules = (
			);
			dependencies = (
			);
			name = GemmaShare;
			productName = GemmaShare;
			productReference = 00000000000000000000013A /* GemmaShare.appex */;
			productType = "com.apple.product-type.app-extension";
		};
/* End PBXNativeTarget section */

/* Begin PBXProject section */
		000000000000000000000001 /* Project object */ = {
			isa = PBXProject;
			attributes = {
				BuildIndependentTargetsInParallel = 1;
				LastSwiftUpdateCheck = 1500;
				LastUpgradeCheck = 1500;
				TargetAttributes = {
					000000000000000000000002 = {
						CreatedOnToolsVersion = 15.0;
					};
					000000000000000000000004 = {
						CreatedOnToolsVersion = 15.0;
						TestTargetID = 000000000000000000000002;
					};
					000000000000000000000006 = {
						CreatedOnToolsVersion = 15.0;
						TestTargetID = 000000000000000000000002;
					};
					000000000000000000000128 = {
						CreatedOnToolsVersion = 15.0;
					};
					000000000000000000000139 = {
						CreatedOnToolsVersion = 15.0;
					};
				};
			};
			buildConfigurationList = 00000000000000000000011C /* Build configuration list for PBXProject "GemmaAgent" */;
			compatibilityVersion = "Xcode 14.0";
			developmentRegion = en;
			hasScannedForEncodings = 0;
			knownRegions = (
				en,
				Base,
			);
			mainGroup = 0000000000000000000000FA;
			packageReferences = (
				000000000000000000000108 /* XCRemoteSwiftPackageReference "swift-sdk" */,
			);
			productRefGroup = 0000000000000000000000FB /* Products */;
			projectDirPath = "";
			projectRoot = "";
			targets = (
				000000000000000000000002 /* GemmaAgent */,
				000000000000000000000004 /* GemmaAgentTests */,
				000000000000000000000006 /* GemmaAgentUITests */,
				000000000000000000000128 /* GemmaWidget */,
				000000000000000000000139 /* GemmaShare */,
			);
		};
/* End PBXProject section */

/* Begin PBXResourcesBuildPhase section */
		00000000000000000000010E /* Resources */ = {
			isa = PBXResourcesBuildPhase;
			buildActionMask = 2147483647;
			files = (
				0000000000000000000000F1 /* Assets.xcassets in Resources */,
				0000000000000000000000F3 /* PrivacyInfo.xcprivacy in Resources */,
				0000000000000000000000F7 /* tokenizer.json in Resources */,
				0000000000000000000000F9 /* gemma4e4b.litertlm in Resources */,
			);
			runOnlyForDeploymentPostprocessing = 0;
		};
		00000000000000000000012C /* Resources */ = {
			isa = PBXResourcesBuildPhase;
			buildActionMask = 2147483647;
			files = (
			);
			runOnlyForDeploymentPostprocessing = 0;
		};
		00000000000000000000013D /* Resources */ = {
			isa = PBXResourcesBuildPhase;
			buildActionMask = 2147483647;
			files = (
			);
			runOnlyForDeploymentPostprocessing = 0;
		};
/* End PBXResourcesBuildPhase section */

/* Begin PBXShellScriptBuildPhase section */
		C39E1E817B152A1622088923 /* [CP] Check Pods Manifest.lock */ = {
			isa = PBXShellScriptBuildPhase;
			buildActionMask = 2147483647;
			files = (
			);
			inputFileListPaths = (
			);
			inputPaths = (
				"${PODS_PODFILE_DIR_PATH}/Podfile.lock",
				"${PODS_ROOT}/Manifest.lock",
			);
			name = "[CP] Check Pods Manifest.lock";
			outputFileListPaths = (
			);
			outputPaths = (
				"$(DERIVED_FILE_DIR)/Pods-GemmaAgent-checkManifestLockResult.txt",
			);
			runOnlyForDeploymentPostprocessing = 0;
			shellPath = /bin/sh;
			shellScript = "diff \"${PODS_PODFILE_DIR_PATH}/Podfile.lock\" \"${PODS_ROOT}/Manifest.lock\" > /dev/null\nif [ $? != 0 ] ; then\n    # print error to STDERR\n    echo \"error: The sandbox is not in sync with the Podfile.lock. Run 'pod install' or update your CocoaPods installation.\" >&2\n    exit 1\nfi\n# This output is used by Xcode 'outputs' to avoid re-running this script phase.\necho \"SUCCESS\" > \"${SCRIPT_OUTPUT_FILE_0}\"\n";
			showEnvVarsInLog = 0;
		};
/* End PBXShellScriptBuildPhase section */

/* Begin PBXSourcesBuildPhase section */
		00000000000000000000010D /* Sources */ = {
			isa = PBXSourcesBuildPhase;
			buildActionMask = 2147483647;
			files = (
				000000000000000000000009 /* GeminiClient.swift in Sources */,
				00000000000000000000000B /* GeminiModels.swift in Sources */,
				00000000000000000000000D /* AgentMessage.swift in Sources */,
				00000000000000000000000F /* AgentOrchestrator.swift in Sources */,
				000000000000000000000011 /* AgentState.swift in Sources */,
				000000000000000000000013 /* ConversationWindow.swift in Sources */,
				000000000000000000000015 /* MemoryStore.swift in Sources */,
				000000000000000000000017 /* MessageRouter.swift in Sources */,
				000000000000000000000019 /* ModelClassifier.swift in Sources */,
				00000000000000000000001B /* TaskClassifier.swift in Sources */,
				00000000000000000000001D /* RoutingDecision.swift in Sources */,
				00000000000000000000001F /* PlanModels.swift in Sources */,
				000000000000000000000021 /* Planner.swift in Sources */,
				000000000000000000000023 /* Critic.swift in Sources */,
				000000000000000000000025 /* PlanGate.swift in Sources */,
				000000000000000000000027 /* PlanPipeline.swift in Sources */,
				000000000000000000000029 /* PrivacyLedger.swift in Sources */,
				00000000000000000000002B /* AskGemmaIntent.swift in Sources */,
				00000000000000000000002D /* ContentView.swift in Sources */,
				00000000000000000000002F /* GemmaAgentApp.swift in Sources */,
				000000000000000000000031 /* GemmaModel.swift in Sources */,
				000000000000000000000033 /* GemmaTokenizer.swift in Sources */,
				000000000000000000000035 /* LiteRTGemmaModel.swift in Sources */,
				000000000000000000000037 /* FoundationModelBackend.swift in Sources */,
				000000000000000000000039 /* ModelCatalog.swift in Sources */,
				00000000000000000000003B /* ModelManager.swift in Sources */,
				00000000000000000000003D /* ModelConfig.swift in Sources */,
				00000000000000000000003F /* ScriptedModel.swift in Sources */,
				000000000000000000000041 /* Tokenizer.swift in Sources */,
				000000000000000000000043 /* CalculatorTool.swift in Sources */,
				000000000000000000000045 /* EscalateToGeminiTool.swift in Sources */,
				000000000000000000000047 /* WebSearchTool.swift in Sources */,
				000000000000000000000049 /* DateTimeTool.swift in Sources */,
				00000000000000000000004B /* UnitConverterTool.swift in Sources */,
				00000000000000000000004D /* ToolDateParsing.swift in Sources */,
				00000000000000000000004F /* RemindersTool.swift in Sources */,
				000000000000000000000051 /* CalendarTool.swift in Sources */,
				000000000000000000000053 /* ContactsTool.swift in Sources */,
				000000000000000000000055 /* Tool.swift in Sources */,
				000000000000000000000057 /* ToolRegistry.swift in Sources */,
				000000000000000000000059 /* AgentTraceView.swift in Sources */,
				00000000000000000000005B /* ChatView.swift in Sources */,
				00000000000000000000005D /* MemoryView.swift in Sources */,
				00000000000000000000005F /* MessageBubble.swift in Sources */,
				000000000000000000000061 /* ModelManagerView.swift in Sources */,
				000000000000000000000063 /* PrivacyView.swift in Sources */,
				000000000000000000000065 /* SettingsView.swift in Sources */,
				000000000000000000000067 /* JSONSchema.swift in Sources */,
				000000000000000000000069 /* KeychainStore.swift in Sources */,
				00000000000000000000006B /* StreamParser.swift in Sources */,
				00000000000000000000006D /* ConversationStore.swift in Sources */,
				00000000000000000000006F /* PIISanitizer.swift in Sources */,
				000000000000000000000071 /* SessionContextTracker.swift in Sources */,
				000000000000000000000073 /* SpeechRecognizer.swift in Sources */,
				000000000000000000000075 /* StreamStopFilter.swift in Sources */,
				000000000000000000000077 /* ConnectorConfig.swift in Sources */,
				000000000000000000000079 /* ConnectorManager.swift in Sources */,
				00000000000000000000007B /* MCPToolProxy.swift in Sources */,
				00000000000000000000007D /* MCPConnection.swift in Sources */,
				00000000000000000000007F /* RESTConnectorTool.swift in Sources */,
				000000000000000000000081 /* AppLauncherTool.swift in Sources */,
				000000000000000000000083 /* MCPOAuth.swift in Sources */,
				000000000000000000000085 /* MCPCatalog.swift in Sources */,
				000000000000000000000087 /* MCPRegistryClient.swift in Sources */,
				000000000000000000000089 /* UCPDiscovery.swift in Sources */,
				00000000000000000000008B /* ConnectorsView.swift in Sources */,
				00000000000000000000008D /* WorkflowsView.swift in Sources */,
				00000000000000000000008F /* AppGroupStore.swift in Sources */,
				000000000000000000000091 /* Workflow.swift in Sources */,
				000000000000000000000093 /* WorkflowStore.swift in Sources */,
				000000000000000000000095 /* InboxStore.swift in Sources */,
				000000000000000000000097 /* WorkflowEntity.swift in Sources */,
				000000000000000000000099 /* RunWorkflowIntent.swift in Sources */,
				00000000000000000000009B /* WorkflowManager.swift in Sources */,
				0000000000000000000000F5 /* gemma4b.mlpackage in Sources */,
			);
			runOnlyForDeploymentPostprocessing = 0;
		};
		000000000000000000000110 /* Sources */ = {
			isa = PBXSourcesBuildPhase;
			buildActionMask = 2147483647;
			files = (
				00000000000000000000009D /* CalculatorToolTests.swift in Sources */,
				00000000000000000000009F /* ResponseParserTests.swift in Sources */,
				0000000000000000000000A1 /* GemmaTokenizerTests.swift in Sources */,
				0000000000000000000000A3 /* LiteRTEngineTests.swift in Sources */,
				0000000000000000000000A5 /* StreamStopFilterTests.swift in Sources */,
				0000000000000000000000A7 /* AgentOrchestratorTests.swift in Sources */,
				0000000000000000000000A9 /* KeychainStoreTests.swift in Sources */,
				0000000000000000000000AB /* MemoryStoreTests.swift in Sources */,
				0000000000000000000000AD /* StreamParserTests.swift in Sources */,
				0000000000000000000000AF /* GenerationConfigTests.swift in Sources */,
				0000000000000000000000B1 /* MessageRouterTests.swift in Sources */,
				0000000000000000000000B3 /* ClassifierEvalTests.swift in Sources */,
				0000000000000000000000B5 /* ClassifierTests.swift in Sources */,
				0000000000000000000000B7 /* PIISanitizerTests.swift in Sources */,
				0000000000000000000000B9 /* ConversationWindowTests.swift in Sources */,
				0000000000000000000000BB /* SessionContextTrackerTests.swift in Sources */,
				0000000000000000000000BD /* ScriptedModelTests.swift in Sources */,
				0000000000000000000000BF /* ChatTemplateTests.swift in Sources */,
				0000000000000000000000C1 /* JSONValueTests.swift in Sources */,
				0000000000000000000000C3 /* QueuedMockModel.swift in Sources */,
				0000000000000000000000C5 /* PlanParserTests.swift in Sources */,
				0000000000000000000000C7 /* PlanGateTests.swift in Sources */,
				0000000000000000000000C9 /* PlannerTests.swift in Sources */,
				0000000000000000000000CB /* CriticTests.swift in Sources */,
				0000000000000000000000CD /* PlanPipelineTests.swift in Sources */,
				0000000000000000000000CF /* PrivacyLedgerTests.swift in Sources */,
				0000000000000000000000D1 /* ModelManagerTests.swift in Sources */,
				0000000000000000000000D3 /* WorkflowTests.swift in Sources */,
				0000000000000000000000D5 /* DateTimeToolTests.swift in Sources */,
				0000000000000000000000D7 /* UnitConverterToolTests.swift in Sources */,
				0000000000000000000000D9 /* ConnectorConfigTests.swift in Sources */,
				0000000000000000000000DB /* MCPToolProxyTests.swift in Sources */,
				0000000000000000000000DD /* RESTConnectorToolTests.swift in Sources */,
				0000000000000000000000DF /* AppLauncherToolTests.swift in Sources */,
				0000000000000000000000E1 /* ConnectorManagerTests.swift in Sources */,
				0000000000000000000000E3 /* ToolRegistryTests.swift in Sources */,
				0000000000000000000000E5 /* MCPAuthMigrationTests.swift in Sources */,
				0000000000000000000000E7 /* JSONKeychainBoxTests.swift in Sources */,
				0000000000000000000000E9 /* MCPCatalogTests.swift in Sources */,
				0000000000000000000000EB /* MCPRegistryClientTests.swift in Sources */,
				0000000000000000000000ED /* UCPDiscoveryTests.swift in Sources */,
			);
			runOnlyForDeploymentPostprocessing = 0;
		};
		000000000000000000000112 /* Sources */ = {
			isa = PBXSourcesBuildPhase;
			buildActionMask = 2147483647;
			files = (
				0000000000000000000000EF /* GemmaAgentUITests.swift in Sources */,
			);
			runOnlyForDeploymentPostprocessing = 0;
		};
		00000000000000000000012A /* Sources */ = {
			isa = PBXSourcesBuildPhase;
			buildActionMask = 2147483647;
			files = (
				000000000000000000000132 /* Workflow.swift in Sources */,
				000000000000000000000133 /* WorkflowStore.swift in Sources */,
				000000000000000000000134 /* InboxStore.swift in Sources */,
				000000000000000000000135 /* AppGroupStore.swift in Sources */,
				000000000000000000000136 /* WorkflowEntity.swift in Sources */,
				000000000000000000000137 /* RunWorkflowIntent.swift in Sources */,
				000000000000000000000138 /* GemmaWidget.swift in Sources */,
			);
			runOnlyForDeploymentPostprocessing = 0;
		};
		00000000000000000000013B /* Sources */ = {
			isa = PBXSourcesBuildPhase;
			buildActionMask = 2147483647;
			files = (
				000000000000000000000143 /* InboxStore.swift in Sources */,
				000000000000000000000144 /* AppGroupStore.swift in Sources */,
				000000000000000000000145 /* ShareViewController.swift in Sources */,
			);
			runOnlyForDeploymentPostprocessing = 0;
		};
/* End PBXSourcesBuildPhase section */

/* Begin PBXTargetDependency section */
		000000000000000000000121 /* PBXTargetDependency */ = {
			isa = PBXTargetDependency;
			target = 000000000000000000000002 /* GemmaAgent */;
			targetProxy = 000000000000000000000120 /* PBXContainerItemProxy */;
		};
		000000000000000000000123 /* PBXTargetDependency */ = {
			isa = PBXTargetDependency;
			target = 000000000000000000000002 /* GemmaAgent */;
			targetProxy = 000000000000000000000122 /* PBXContainerItemProxy */;
		};
		000000000000000000000131 /* PBXTargetDependency */ = {
			isa = PBXTargetDependency;
			target = 000000000000000000000128 /* GemmaWidget */;
			targetProxy = 000000000000000000000130 /* PBXContainerItemProxy */;
		};
		000000000000000000000142 /* PBXTargetDependency */ = {
			isa = PBXTargetDependency;
			target = 000000000000000000000139 /* GemmaShare */;
			targetProxy = 000000000000000000000141 /* PBXContainerItemProxy */;
		};
/* End PBXTargetDependency section */

/* Begin XCBuildConfiguration section */
		000000000000000000000114 /* Debug */ = {
			isa = XCBuildConfiguration;
			buildSettings = {
				ALWAYS_SEARCH_USER_PATHS = NO;
				CLANG_ANALYZER_NONNULL = YES;
				CLANG_CXX_LANGUAGE_STANDARD = "gnu++20";
				CLANG_ENABLE_MODULES = YES;
				CLANG_ENABLE_OBJC_ARC = YES;
				DEBUG_INFORMATION_FORMAT = dwarf;
				ENABLE_TESTABILITY = YES;
				GCC_C_LANGUAGE_STANDARD = gnu17;
				IPHONEOS_DEPLOYMENT_TARGET = 17.0;
				ONLY_ACTIVE_ARCH = YES;
				SDKROOT = iphoneos;
				SWIFT_ACTIVE_COMPILATION_CONDITIONS = DEBUG;
				SWIFT_OPTIMIZATION_LEVEL = "-Onone";
				SWIFT_VERSION = 5.0;
			};
			name = Debug;
		};
		000000000000000000000115 /* Release */ = {
			isa = XCBuildConfiguration;
			buildSettings = {
				ALWAYS_SEARCH_USER_PATHS = NO;
				CLANG_ANALYZER_NONNULL = YES;
				CLANG_CXX_LANGUAGE_STANDARD = "gnu++20";
				CLANG_ENABLE_MODULES = YES;
				CLANG_ENABLE_OBJC_ARC = YES;
				COPY_PHASE_STRIP = NO;
				DEBUG_INFORMATION_FORMAT = "dwarf-with-dsym";
				GCC_C_LANGUAGE_STANDARD = gnu17;
				IPHONEOS_DEPLOYMENT_TARGET = 17.0;
				SDKROOT = iphoneos;
				SWIFT_OPTIMIZATION_LEVEL = "-Owholemodule";
				SWIFT_VERSION = 5.0;
			};
			name = Release;
		};
		000000000000000000000116 /* Debug */ = {
			isa = XCBuildConfiguration;
			baseConfigurationReference = A8D617491F4B58853DB1BE3D /* Pods-GemmaAgent.debug.xcconfig */;
			buildSettings = {
				ASSETCATALOG_COMPILER_APPICON_NAME = AppIcon;
				ASSETCATALOG_COMPILER_GLOBAL_ACCENT_COLOR_NAME = AccentColor;
				CODE_SIGN_ENTITLEMENTS = GemmaAgent/GemmaAgent.entitlements;
				CODE_SIGN_STYLE = Automatic;
				COREML_CODEGEN_LANGUAGE = None;
				CURRENT_PROJECT_VERSION = 1;
				DEBUG_INFORMATION_FORMAT = dwarf;
				DEVELOPMENT_TEAM = "";
				ENABLE_PREVIEWS = YES;
				GENERATE_INFOPLIST_FILE = YES;
				INFOPLIST_KEY_NSCalendarsFullAccessUsageDescription = "GemmaAgent adds and reads calendar events when you ask it to.";
				INFOPLIST_KEY_NSContactsUsageDescription = "GemmaAgent looks up contact details when you ask it to find someone.";
				INFOPLIST_KEY_NSMicrophoneUsageDescription = "GemmaAgent uses the microphone for voice input.";
				INFOPLIST_KEY_NSRemindersFullAccessUsageDescription = "GemmaAgent creates and reads reminders when you ask it to.";
				INFOPLIST_KEY_NSSpeechRecognitionUsageDescription = "GemmaAgent transcribes your voice on-device to chat with the local AI.";
				INFOPLIST_KEY_UIApplicationSceneManifest_Generation = YES;
				INFOPLIST_KEY_UIApplicationSupportsIndirectInputEvents = YES;
				INFOPLIST_KEY_UILaunchScreen_Generation = YES;
				INFOPLIST_KEY_UISupportedInterfaceOrientations_iPad = "UIInterfaceOrientationLandscapeLeft UIInterfaceOrientationLandscapeRight UIInterfaceOrientationPortrait UIInterfaceOrientationPortraitUpsideDown";
				INFOPLIST_KEY_UISupportedInterfaceOrientations_iPhone = "UIInterfaceOrientationLandscapeLeft UIInterfaceOrientationLandscapeRight UIInterfaceOrientationPortrait";
				IPHONEOS_DEPLOYMENT_TARGET = 17.0;
				MARKETING_VERSION = 1.0;
				PRODUCT_BUNDLE_IDENTIFIER = com.gemmaagent.app;
				PRODUCT_NAME = "$(TARGET_NAME)";
				SDKROOT = iphoneos;
				SUPPORTED_PLATFORMS = "iphoneos iphonesimulator";
				SWIFT_ACTIVE_COMPILATION_CONDITIONS = DEBUG;
				SWIFT_EMIT_LOC_STRINGS = YES;
				SWIFT_OPTIMIZATION_LEVEL = "-Onone";
				SWIFT_STRICT_CONCURRENCY = minimal;
				SWIFT_VERSION = 5.0;
				TARGETED_DEVICE_FAMILY = "1,2";
			};
			name = Debug;
		};
		000000000000000000000117 /* Release */ = {
			isa = XCBuildConfiguration;
			baseConfigurationReference = 38EAE4B38452DFBCC130A8E1 /* Pods-GemmaAgent.release.xcconfig */;
			buildSettings = {
				ASSETCATALOG_COMPILER_APPICON_NAME = AppIcon;
				ASSETCATALOG_COMPILER_GLOBAL_ACCENT_COLOR_NAME = AccentColor;
				CODE_SIGN_ENTITLEMENTS = GemmaAgent/GemmaAgent.entitlements;
				CODE_SIGN_STYLE = Automatic;
				COPY_PHASE_STRIP = NO;
				COREML_CODEGEN_LANGUAGE = None;
				CURRENT_PROJECT_VERSION = 1;
				DEBUG_INFORMATION_FORMAT = "dwarf-with-dsym";
				DEVELOPMENT_TEAM = "";
				ENABLE_PREVIEWS = YES;
				GENERATE_INFOPLIST_FILE = YES;
				INFOPLIST_KEY_NSCalendarsFullAccessUsageDescription = "GemmaAgent adds and reads calendar events when you ask it to.";
				INFOPLIST_KEY_NSContactsUsageDescription = "GemmaAgent looks up contact details when you ask it to find someone.";
				INFOPLIST_KEY_NSMicrophoneUsageDescription = "GemmaAgent uses the microphone for voice input.";
				INFOPLIST_KEY_NSRemindersFullAccessUsageDescription = "GemmaAgent creates and reads reminders when you ask it to.";
				INFOPLIST_KEY_NSSpeechRecognitionUsageDescription = "GemmaAgent transcribes your voice on-device to chat with the local AI.";
				INFOPLIST_KEY_UIApplicationSceneManifest_Generation = YES;
				INFOPLIST_KEY_UIApplicationSupportsIndirectInputEvents = YES;
				INFOPLIST_KEY_UILaunchScreen_Generation = YES;
				INFOPLIST_KEY_UISupportedInterfaceOrientations_iPad = "UIInterfaceOrientationLandscapeLeft UIInterfaceOrientationLandscapeRight UIInterfaceOrientationPortrait UIInterfaceOrientationPortraitUpsideDown";
				INFOPLIST_KEY_UISupportedInterfaceOrientations_iPhone = "UIInterfaceOrientationLandscapeLeft UIInterfaceOrientationLandscapeRight UIInterfaceOrientationPortrait";
				IPHONEOS_DEPLOYMENT_TARGET = 17.0;
				MARKETING_VERSION = 1.0;
				PRODUCT_BUNDLE_IDENTIFIER = com.gemmaagent.app;
				PRODUCT_NAME = "$(TARGET_NAME)";
				SDKROOT = iphoneos;
				SUPPORTED_PLATFORMS = "iphoneos iphonesimulator";
				SWIFT_EMIT_LOC_STRINGS = YES;
				SWIFT_OPTIMIZATION_LEVEL = "-Owholemodule";
				SWIFT_STRICT_CONCURRENCY = minimal;
				SWIFT_VERSION = 5.0;
				TARGETED_DEVICE_FAMILY = "1,2";
				VALIDATE_PRODUCT = YES;
			};
			name = Release;
		};
		000000000000000000000118 /* Debug */ = {
			isa = XCBuildConfiguration;
			buildSettings = {
				BUNDLE_LOADER = "$(TEST_HOST)";
				CODE_SIGN_STYLE = Automatic;
				CURRENT_PROJECT_VERSION = 1;
				DEBUG_INFORMATION_FORMAT = dwarf;
				DEVELOPMENT_TEAM = "";
				GENERATE_INFOPLIST_FILE = YES;
				IPHONEOS_DEPLOYMENT_TARGET = 17.0;
				MARKETING_VERSION = 1.0;
				PRODUCT_BUNDLE_IDENTIFIER = com.gemmaagent.app.tests;
				PRODUCT_NAME = "$(TARGET_NAME)";
				SDKROOT = iphoneos;
				SUPPORTED_PLATFORMS = "iphoneos iphonesimulator";
				SWIFT_ACTIVE_COMPILATION_CONDITIONS = DEBUG;
				SWIFT_EMIT_LOC_STRINGS = NO;
				SWIFT_OPTIMIZATION_LEVEL = "-Onone";
				SWIFT_VERSION = 5.0;
				TARGETED_DEVICE_FAMILY = "1,2";
				TEST_HOST = "$(BUILT_PRODUCTS_DIR)/GemmaAgent.app/GemmaAgent";
			};
			name = Debug;
		};
		000000000000000000000119 /* Release */ = {
			isa = XCBuildConfiguration;
			buildSettings = {
				BUNDLE_LOADER = "$(TEST_HOST)";
				CODE_SIGN_STYLE = Automatic;
				COPY_PHASE_STRIP = NO;
				CURRENT_PROJECT_VERSION = 1;
				DEBUG_INFORMATION_FORMAT = "dwarf-with-dsym";
				DEVELOPMENT_TEAM = "";
				GENERATE_INFOPLIST_FILE = YES;
				IPHONEOS_DEPLOYMENT_TARGET = 17.0;
				MARKETING_VERSION = 1.0;
				PRODUCT_BUNDLE_IDENTIFIER = com.gemmaagent.app.tests;
				PRODUCT_NAME = "$(TARGET_NAME)";
				SDKROOT = iphoneos;
				SUPPORTED_PLATFORMS = "iphoneos iphonesimulator";
				SWIFT_EMIT_LOC_STRINGS = NO;
				SWIFT_OPTIMIZATION_LEVEL = "-Owholemodule";
				SWIFT_VERSION = 5.0;
				TARGETED_DEVICE_FAMILY = "1,2";
				TEST_HOST = "$(BUILT_PRODUCTS_DIR)/GemmaAgent.app/GemmaAgent";
			};
			name = Release;
		};
		00000000000000000000011A /* Debug */ = {
			isa = XCBuildConfiguration;
			buildSettings = {
				CODE_SIGN_STYLE = Automatic;
				CURRENT_PROJECT_VERSION = 1;
				DEBUG_INFORMATION_FORMAT = dwarf;
				DEVELOPMENT_TEAM = "";
				GENERATE_INFOPLIST_FILE = YES;
				IPHONEOS_DEPLOYMENT_TARGET = 17.0;
				MARKETING_VERSION = 1.0;
				PRODUCT_BUNDLE_IDENTIFIER = com.gemmaagent.app.uitests;
				PRODUCT_NAME = "$(TARGET_NAME)";
				SDKROOT = iphoneos;
				SUPPORTED_PLATFORMS = "iphoneos iphonesimulator";
				SWIFT_ACTIVE_COMPILATION_CONDITIONS = DEBUG;
				SWIFT_EMIT_LOC_STRINGS = NO;
				SWIFT_OPTIMIZATION_LEVEL = "-Onone";
				SWIFT_VERSION = 5.0;
				TARGETED_DEVICE_FAMILY = "1,2";
				TEST_TARGET_NAME = GemmaAgent;
			};
			name = Debug;
		};
		00000000000000000000011B /* Release */ = {
			isa = XCBuildConfiguration;
			buildSettings = {
				CODE_SIGN_STYLE = Automatic;
				COPY_PHASE_STRIP = NO;
				CURRENT_PROJECT_VERSION = 1;
				DEBUG_INFORMATION_FORMAT = "dwarf-with-dsym";
				DEVELOPMENT_TEAM = "";
				GENERATE_INFOPLIST_FILE = YES;
				IPHONEOS_DEPLOYMENT_TARGET = 17.0;
				MARKETING_VERSION = 1.0;
				PRODUCT_BUNDLE_IDENTIFIER = com.gemmaagent.app.uitests;
				PRODUCT_NAME = "$(TARGET_NAME)";
				SDKROOT = iphoneos;
				SUPPORTED_PLATFORMS = "iphoneos iphonesimulator";
				SWIFT_EMIT_LOC_STRINGS = NO;
				SWIFT_OPTIMIZATION_LEVEL = "-Owholemodule";
				SWIFT_VERSION = 5.0;
				TARGETED_DEVICE_FAMILY = "1,2";
				TEST_TARGET_NAME = GemmaAgent;
			};
			name = Release;
		};
		00000000000000000000012E /* Debug */ = {
			isa = XCBuildConfiguration;
			buildSettings = {
				CLANG_ENABLE_MODULES = YES;
				CODE_SIGN_ENTITLEMENTS = GemmaWidget/GemmaWidget.entitlements;
				CODE_SIGN_STYLE = Automatic;
				CURRENT_PROJECT_VERSION = 1;
				DEBUG_INFORMATION_FORMAT = dwarf;
				DEVELOPMENT_TEAM = "";
				ENABLE_PREVIEWS = YES;
				GENERATE_INFOPLIST_FILE = YES;
				INFOPLIST_FILE = GemmaWidget/Info.plist;
				IPHONEOS_DEPLOYMENT_TARGET = 17.0;
				MARKETING_VERSION = 1.0;
				PRODUCT_BUNDLE_IDENTIFIER = com.gemmaagent.app.widget;
				PRODUCT_NAME = "$(TARGET_NAME)";
				SDKROOT = iphoneos;
				SKIP_INSTALL = YES;
				SUPPORTED_PLATFORMS = "iphoneos iphonesimulator";
				SWIFT_ACTIVE_COMPILATION_CONDITIONS = DEBUG;
				SWIFT_EMIT_LOC_STRINGS = YES;
				SWIFT_OPTIMIZATION_LEVEL = "-Onone";
				SWIFT_VERSION = 5.0;
				TARGETED_DEVICE_FAMILY = "1,2";
			};
			name = Debug;
		};
		00000000000000000000012F /* Release */ = {
			isa = XCBuildConfiguration;
			buildSettings = {
				CLANG_ENABLE_MODULES = YES;
				CODE_SIGN_ENTITLEMENTS = GemmaWidget/GemmaWidget.entitlements;
				CODE_SIGN_STYLE = Automatic;
				COPY_PHASE_STRIP = NO;
				CURRENT_PROJECT_VERSION = 1;
				DEBUG_INFORMATION_FORMAT = "dwarf-with-dsym";
				DEVELOPMENT_TEAM = "";
				ENABLE_PREVIEWS = YES;
				GENERATE_INFOPLIST_FILE = YES;
				INFOPLIST_FILE = GemmaWidget/Info.plist;
				IPHONEOS_DEPLOYMENT_TARGET = 17.0;
				MARKETING_VERSION = 1.0;
				PRODUCT_BUNDLE_IDENTIFIER = com.gemmaagent.app.widget;
				PRODUCT_NAME = "$(TARGET_NAME)";
				SDKROOT = iphoneos;
				SKIP_INSTALL = YES;
				SUPPORTED_PLATFORMS = "iphoneos iphonesimulator";
				SWIFT_EMIT_LOC_STRINGS = YES;
				SWIFT_OPTIMIZATION_LEVEL = "-Owholemodule";
				SWIFT_VERSION = 5.0;
				TARGETED_DEVICE_FAMILY = "1,2";
			};
			name = Release;
		};
		00000000000000000000013F /* Debug */ = {
			isa = XCBuildConfiguration;
			buildSettings = {
				CLANG_ENABLE_MODULES = YES;
				CODE_SIGN_ENTITLEMENTS = GemmaShare/GemmaShare.entitlements;
				CODE_SIGN_STYLE = Automatic;
				CURRENT_PROJECT_VERSION = 1;
				DEBUG_INFORMATION_FORMAT = dwarf;
				DEVELOPMENT_TEAM = "";
				GENERATE_INFOPLIST_FILE = YES;
				INFOPLIST_FILE = GemmaShare/Info.plist;
				IPHONEOS_DEPLOYMENT_TARGET = 17.0;
				MARKETING_VERSION = 1.0;
				PRODUCT_BUNDLE_IDENTIFIER = com.gemmaagent.app.share;
				PRODUCT_NAME = "$(TARGET_NAME)";
				SDKROOT = iphoneos;
				SKIP_INSTALL = YES;
				SUPPORTED_PLATFORMS = "iphoneos iphonesimulator";
				SWIFT_ACTIVE_COMPILATION_CONDITIONS = DEBUG;
				SWIFT_EMIT_LOC_STRINGS = YES;
				SWIFT_OPTIMIZATION_LEVEL = "-Onone";
				SWIFT_VERSION = 5.0;
				TARGETED_DEVICE_FAMILY = "1,2";
			};
			name = Debug;
		};
		000000000000000000000140 /* Release */ = {
			isa = XCBuildConfiguration;
			buildSettings = {
				CLANG_ENABLE_MODULES = YES;
				CODE_SIGN_ENTITLEMENTS = GemmaShare/GemmaShare.entitlements;
				CODE_SIGN_STYLE = Automatic;
				COPY_PHASE_STRIP = NO;
				CURRENT_PROJECT_VERSION = 1;
				DEBUG_INFORMATION_FORMAT = "dwarf-with-dsym";
				DEVELOPMENT_TEAM = "";
				GENERATE_INFOPLIST_FILE = YES;
				INFOPLIST_FILE = GemmaShare/Info.plist;
				IPHONEOS_DEPLOYMENT_TARGET = 17.0;
				MARKETING_VERSION = 1.0;
				PRODUCT_BUNDLE_IDENTIFIER = com.gemmaagent.app.share;
				PRODUCT_NAME = "$(TARGET_NAME)";
				SDKROOT = iphoneos;
				SKIP_INSTALL = YES;
				SUPPORTED_PLATFORMS = "iphoneos iphonesimulator";
				SWIFT_EMIT_LOC_STRINGS = YES;
				SWIFT_OPTIMIZATION_LEVEL = "-Owholemodule";
				SWIFT_VERSION = 5.0;
				TARGETED_DEVICE_FAMILY = "1,2";
			};
			name = Release;
		};
/* End XCBuildConfiguration section */

/* Begin XCConfigurationList section */
		00000000000000000000011C /* Build configuration list for PBXProject "GemmaAgent" */ = {
			isa = XCConfigurationList;
			buildConfigurations = (
				000000000000000000000114 /* Debug */,
				000000000000000000000115 /* Release */,
			);
			defaultConfigurationIsVisible = 0;
			defaultConfigurationName = Release;
		};
		00000000000000000000011D /* Build configuration list for PBXNativeTarget "GemmaAgent" */ = {
			isa = XCConfigurationList;
			buildConfigurations = (
				000000000000000000000116 /* Debug */,
				000000000000000000000117 /* Release */,
			);
			defaultConfigurationIsVisible = 0;
			defaultConfigurationName = Release;
		};
		00000000000000000000011E /* Build configuration list for PBXNativeTarget "GemmaAgentTests" */ = {
			isa = XCConfigurationList;
			buildConfigurations = (
				000000000000000000000118 /* Debug */,
				000000000000000000000119 /* Release */,
			);
			defaultConfigurationIsVisible = 0;
			defaultConfigurationName = Release;
		};
		00000000000000000000011F /* Build configuration list for PBXNativeTarget "GemmaAgentUITests" */ = {
			isa = XCConfigurationList;
			buildConfigurations = (
				00000000000000000000011A /* Debug */,
				00000000000000000000011B /* Release */,
			);
			defaultConfigurationIsVisible = 0;
			defaultConfigurationName = Release;
		};
		00000000000000000000012D /* Build configuration list for PBXNativeTarget "GemmaWidget" */ = {
			isa = XCConfigurationList;
			buildConfigurations = (
				00000000000000000000012E /* Debug */,
				00000000000000000000012F /* Release */,
			);
			defaultConfigurationIsVisible = 0;
			defaultConfigurationName = Release;
		};
		00000000000000000000013E /* Build configuration list for PBXNativeTarget "GemmaShare" */ = {
			isa = XCConfigurationList;
			buildConfigurations = (
				00000000000000000000013F /* Debug */,
				000000000000000000000140 /* Release */,
			);
			defaultConfigurationIsVisible = 0;
			defaultConfigurationName = Release;
		};
/* End XCConfigurationList section */

/* Begin XCRemoteSwiftPackageReference section */
		000000000000000000000108 /* XCRemoteSwiftPackageReference "swift-sdk" */ = {
			isa = XCRemoteSwiftPackageReference;
			repositoryURL = "https://github.com/modelcontextprotocol/swift-sdk.git";
			requirement = {
				kind = upToNextMajorVersion;
				minimumVersion = 0.11.0;
			};
		};
/* End XCRemoteSwiftPackageReference section */

/* Begin XCSwiftPackageProductDependency section */
		000000000000000000000109 /* MCP */ = {
			isa = XCSwiftPackageProductDependency;
			package = 000000000000000000000108 /* XCRemoteSwiftPackageReference "swift-sdk" */;
			productName = MCP;
		};
/* End XCSwiftPackageProductDependency section */
	};
	rootObject = 000000000000000000000001 /* Project object */;
}
